// !$*UTF8*$!
{
	archiveVersion = 1;
	classes = {
	};
	objectVersion = 48;
	objects = {

/* Begin PBXBuildFile section */
		5209B63920284547003659DF /* JPVideoPlayerDemoVC_homeee.swift in Sources */ = {isa = PBXBuildFile; fileRef = 5209B63820284547003659DF /* JPVideoPlayerDemoVC_homeee.swift */; };
		52157CD7202C274D0091CB1E /* AVAsset+EZPlayer.swift in Sources */ = {isa = PBXBuildFile; fileRef = 52157CBA202C274D0091CB1E /* AVAsset+EZPlayer.swift */; };
		52157CD8202C274D0091CB1E /* AVPlayer+EZPlayer.swift in Sources */ = {isa = PBXBuildFile; fileRef = 52157CBB202C274D0091CB1E /* AVPlayer+EZPlayer.swift */; };
		52157CD9202C274D0091CB1E /* AVPlayerItem+EZPlayer.swift in Sources */ = {isa = PBXBuildFile; fileRef = 52157CBC202C274D0091CB1E /* AVPlayerItem+EZPlayer.swift */; };
		52157CDA202C274D0091CB1E /* Delay.swift in Sources */ = {isa = PBXBuildFile; fileRef = 52157CBD202C274D0091CB1E /* Delay.swift */; };
		52157CDB202C274D0091CB1E /* EZPlayer.swift in Sources */ = {isa = PBXBuildFile; fileRef = 52157CBF202C274D0091CB1E /* EZPlayer.swift */; };
		52157CDC202C274D0091CB1E /* EZPlayer.xcassets in Resources */ = {isa = PBXBuildFile; fileRef = 52157CC0202C274D0091CB1E /* EZPlayer.xcassets */; };
		52157CDD202C274D0091CB1E /* EZPlayerAudibleLegibleViewController.swift in Sources */ = {isa = PBXBuildFile; fileRef = 52157CC1202C274D0091CB1E /* EZPlayerAudibleLegibleViewController.swift */; };
		52157CDE202C274D0091CB1E /* EZPlayerAudibleLegibleViewController.xib in Resources */ = {isa = PBXBuildFile; fileRef = 52157CC2202C274D0091CB1E /* EZPlayerAudibleLegibleViewController.xib */; };
		52157CDF202C274D0091CB1E /* EZPlayerAVAssetResourceLoaderDelegate.swift in Sources */ = {isa = PBXBuildFile; fileRef = 52157CC3202C274D0091CB1E /* EZPlayerAVAssetResourceLoaderDelegate.swift */; };
		52157CE0202C274D0091CB1E /* EZPlayerContentItem.swift in Sources */ = {isa = PBXBuildFile; fileRef = 52157CC4202C274D0091CB1E /* EZPlayerContentItem.swift */; };
		52157CE1202C274D0091CB1E /* EZPlayerControlView.swift in Sources */ = {isa = PBXBuildFile; fileRef = 52157CC5202C274D0091CB1E /* EZPlayerControlView.swift */; };
		52157CE2202C274D0091CB1E /* EZPlayerControlView.xib in Resources */ = {isa = PBXBuildFile; fileRef = 52157CC6202C274D0091CB1E /* EZPlayerControlView.xib */; };
		52157CE3202C274D0091CB1E /* EZPlayerFairPlayResourceLoaderDelegate.swift in Sources */ = {isa = PBXBuildFile; fileRef = 52157CC7202C274D0091CB1E /* EZPlayerFairPlayResourceLoaderDelegate.swift */; };
		52157CE4202C274D0091CB1E /* EZPlayerFloatContainer.swift in Sources */ = {isa = PBXBuildFile; fileRef = 52157CC8202C274D0091CB1E /* EZPlayerFloatContainer.swift */; };
		52157CE5202C274D0091CB1E /* EZPlayerFloatContainerRootViewController.swift in Sources */ = {isa = PBXBuildFile; fileRef = 52157CC9202C274D0091CB1E /* EZPlayerFloatContainerRootViewController.swift */; };
		52157CE6202C274D0091CB1E /* EZPlayerFloatContainerRootViewController.xib in Resources */ = {isa = PBXBuildFile; fileRef = 52157CCA202C274D0091CB1E /* EZPlayerFloatContainerRootViewController.xib */; };
		52157CE7202C274D0091CB1E /* EZPlayerFloatView.swift in Sources */ = {isa = PBXBuildFile; fileRef = 52157CCB202C274D0091CB1E /* EZPlayerFloatView.swift */; };
		52157CE8202C274D0091CB1E /* EZPlayerFloatView.xib in Resources */ = {isa = PBXBuildFile; fileRef = 52157CCC202C274D0091CB1E /* EZPlayerFloatView.xib */; };
		52157CE9202C274D0091CB1E /* EZPlayerFullScreenViewController.swift in Sources */ = {isa = PBXBuildFile; fileRef = 52157CCD202C274D0091CB1E /* EZPlayerFullScreenViewController.swift */; };
		52157CEA202C274D0091CB1E /* EZPlayerLoading.swift in Sources */ = {isa = PBXBuildFile; fileRef = 52157CCE202C274D0091CB1E /* EZPlayerLoading.swift */; };
		52157CEB202C274D0091CB1E /* EZPlayerNotification.swift in Sources */ = {isa = PBXBuildFile; fileRef = 52157CCF202C274D0091CB1E /* EZPlayerNotification.swift */; };
		52157CEC202C274D0091CB1E /* EZPlayerThumbnail.swift in Sources */ = {isa = PBXBuildFile; fileRef = 52157CD0202C274D0091CB1E /* EZPlayerThumbnail.swift */; };
		52157CED202C274D0091CB1E /* EZPlayerTransport.swift in Sources */ = {isa = PBXBuildFile; fileRef = 52157CD1202C274D0091CB1E /* EZPlayerTransport.swift */; };
		52157CEE202C274D0091CB1E /* EZPlayerTransportExtension.swift in Sources */ = {isa = PBXBuildFile; fileRef = 52157CD2202C274D0091CB1E /* EZPlayerTransportExtension.swift */; };
		52157CEF202C274D0091CB1E /* EZPlayerUtils.swift in Sources */ = {isa = PBXBuildFile; fileRef = 52157CD3202C274D0091CB1E /* EZPlayerUtils.swift */; };
		52157CF0202C274D0091CB1E /* EZPlayerView.swift in Sources */ = {isa = PBXBuildFile; fileRef = 52157CD4202C274D0091CB1E /* EZPlayerView.swift */; };
		52157CF2202C274D0091CB1E /* Timer+EZPlayer.swift in Sources */ = {isa = PBXBuildFile; fileRef = 52157CD6202C274D0091CB1E /* Timer+EZPlayer.swift */; };
		52157CFC202C2B020091CB1E /* MediaManager.swift in Sources */ = {isa = PBXBuildFile; fileRef = 52157CFB202C2B020091CB1E /* MediaManager.swift */; };
		521DF3762022A58000D11388 /* EditMeView.xib in Resources */ = {isa = PBXBuildFile; fileRef = 521DF3742022A58000D11388 /* EditMeView.xib */; };
		521DF3782022A90200D11388 /* EditMeView.swift in Sources */ = {isa = PBXBuildFile; fileRef = 521DF3772022A90200D11388 /* EditMeView.swift */; };
		521DF37C2022B8CD00D11388 /* EditSelfViewController.swift in Sources */ = {isa = PBXBuildFile; fileRef = 521DF37B2022B8CD00D11388 /* EditSelfViewController.swift */; };
		521DF380202308F100D11388 /* LoginViewController.swift in Sources */ = {isa = PBXBuildFile; fileRef = 521DF37E202308F100D11388 /* LoginViewController.swift */; };
		521DF381202308F100D11388 /* LoginViewController.xib in Resources */ = {isa = PBXBuildFile; fileRef = 521DF37F202308F100D11388 /* LoginViewController.xib */; };
		522682AF20118E7900FE1ED0 /* TableViewCell.xib in Resources */ = {isa = PBXBuildFile; fileRef = 522682AD20118E7900FE1ED0 /* TableViewCell.xib */; };
		522682B020118E7900FE1ED0 /* TableViewCell.swift in Sources */ = {isa = PBXBuildFile; fileRef = 522682AE20118E7900FE1ED0 /* TableViewCell.swift */; };
		522682B220118F4C00FE1ED0 /* GlobalVariables.swift in Sources */ = {isa = PBXBuildFile; fileRef = 522682B120118F4B00FE1ED0 /* GlobalVariables.swift */; };
		522682B52011910F00FE1ED0 /* BaseViewController.swift in Sources */ = {isa = PBXBuildFile; fileRef = 522682B42011910F00FE1ED0 /* BaseViewController.swift */; };
		522682B8201191CC00FE1ED0 /* CircleTableViewController.swift in Sources */ = {isa = PBXBuildFile; fileRef = 522682B7201191CC00FE1ED0 /* CircleTableViewController.swift */; };
		522682BA2011940700FE1ED0 /* HJImageBrowser.swift in Sources */ = {isa = PBXBuildFile; fileRef = 522682B92011940600FE1ED0 /* HJImageBrowser.swift */; };
		522B703F201ABA1A002108F2 /* JPVideoPlayerDemoVC_push.swift in Sources */ = {isa = PBXBuildFile; fileRef = 522B703D201ABA19002108F2 /* JPVideoPlayerDemoVC_push.swift */; };
		522B7040201ABA1A002108F2 /* JPVideoPlayerDemoVC_push.xib in Resources */ = {isa = PBXBuildFile; fileRef = 522B703E201ABA1A002108F2 /* JPVideoPlayerDemoVC_push.xib */; };
		522B7045201AD0D7002108F2 /* MeViewController.swift in Sources */ = {isa = PBXBuildFile; fileRef = 522B7043201AD0D7002108F2 /* MeViewController.swift */; };
		522B7046201AD0D7002108F2 /* MeViewController.xib in Resources */ = {isa = PBXBuildFile; fileRef = 522B7044201AD0D7002108F2 /* MeViewController.xib */; };
		522B704B201AFCB8002108F2 /* SomeoneViewController.swift in Sources */ = {isa = PBXBuildFile; fileRef = 522B7049201AFCB8002108F2 /* SomeoneViewController.swift */; };
		522F6816202A856200A96A93 /* CommentFromOtherCell.swift in Sources */ = {isa = PBXBuildFile; fileRef = 522F6814202A856200A96A93 /* CommentFromOtherCell.swift */; };
		522F6817202A856200A96A93 /* CommentFromOtherCell.xib in Resources */ = {isa = PBXBuildFile; fileRef = 522F6815202A856200A96A93 /* CommentFromOtherCell.xib */; };
		522F6819202A918D00A96A93 /* SettingViewController.swift in Sources */ = {isa = PBXBuildFile; fileRef = 522F6818202A918D00A96A93 /* SettingViewController.swift */; };
		522F681B202AEC2C00A96A93 /* inTF.swift in Sources */ = {isa = PBXBuildFile; fileRef = 522F681A202AEC2C00A96A93 /* inTF.swift */; };
		522F681D202AEC3E00A96A93 /* inTF.xib in Resources */ = {isa = PBXBuildFile; fileRef = 522F681C202AEC3E00A96A93 /* inTF.xib */; };
		52336B4620196843004F73F9 /* JPVideoPlayerDemoVC_Setting.xib in Resources */ = {isa = PBXBuildFile; fileRef = 52336B3F20196843004F73F9 /* JPVideoPlayerDemoVC_Setting.xib */; };
		52336B4720196843004F73F9 /* JPVideoPlayerDemoVC_Setting.swift in Sources */ = {isa = PBXBuildFile; fileRef = 52336B4020196843004F73F9 /* JPVideoPlayerDemoVC_Setting.swift */; };
		52336B4920196843004F73F9 /* JPVideoPlayerDemoCell.swift in Sources */ = {isa = PBXBuildFile; fileRef = 52336B4220196843004F73F9 /* JPVideoPlayerDemoCell.swift */; };
		52336B4A20196843004F73F9 /* JPVideoPlayerDemoVC_home.swift in Sources */ = {isa = PBXBuildFile; fileRef = 52336B4320196843004F73F9 /* JPVideoPlayerDemoVC_home.swift */; };
		52336B4B20196843004F73F9 /* JPVideoPlayerDemoCell.xib in Resources */ = {isa = PBXBuildFile; fileRef = 52336B4420196843004F73F9 /* JPVideoPlayerDemoCell.xib */; };
		523672DA20215C9800D8CAAD /* CommentCell.swift in Sources */ = {isa = PBXBuildFile; fileRef = 523672D820215C9800D8CAAD /* CommentCell.swift */; };
		523672DB20215C9800D8CAAD /* CommentCell.xib in Resources */ = {isa = PBXBuildFile; fileRef = 523672D920215C9800D8CAAD /* CommentCell.xib */; };
		523672DD2021920800D8CAAD /* DetailViewController.swift in Sources */ = {isa = PBXBuildFile; fileRef = 523672DC2021920800D8CAAD /* DetailViewController.swift */; };
		523672DF2021939E00D8CAAD /* DetailTopView.swift in Sources */ = {isa = PBXBuildFile; fileRef = 523672DE2021939E00D8CAAD /* DetailTopView.swift */; };
		523672E1202193AA00D8CAAD /* DetailTopView.xib in Resources */ = {isa = PBXBuildFile; fileRef = 523672E0202193AA00D8CAAD /* DetailTopView.xib */; };
		523B48312020466D00556868 /* VideoPlayTopView.xib in Resources */ = {isa = PBXBuildFile; fileRef = 523B48302020466D00556868 /* VideoPlayTopView.xib */; };
		523B48332020555100556868 /* VideoPlayTopView.swift in Sources */ = {isa = PBXBuildFile; fileRef = 523B48322020555100556868 /* VideoPlayTopView.swift */; };
		523E65A42023F42A00E49750 /* LoginGetPhoneVC.swift in Sources */ = {isa = PBXBuildFile; fileRef = 523E65A22023F42A00E49750 /* LoginGetPhoneVC.swift */; };
		523E65A52023F42A00E49750 /* LoginGetPhoneVC.xib in Resources */ = {isa = PBXBuildFile; fileRef = 523E65A32023F42A00E49750 /* LoginGetPhoneVC.xib */; };
		523E65A82023F5DF00E49750 /* RegisterViewController.swift in Sources */ = {isa = PBXBuildFile; fileRef = 523E65A62023F5DF00E49750 /* RegisterViewController.swift */; };
		523E65A92023F5DF00E49750 /* RegisterViewController.xib in Resources */ = {isa = PBXBuildFile; fileRef = 523E65A72023F5DF00E49750 /* RegisterViewController.xib */; };
		523E65AC2024112F00E49750 /* ResetPasswordVC.swift in Sources */ = {isa = PBXBuildFile; fileRef = 523E65AA2024112F00E49750 /* ResetPasswordVC.swift */; };
		523E65AD2024112F00E49750 /* ResetPasswordVC.xib in Resources */ = {isa = PBXBuildFile; fileRef = 523E65AB2024112F00E49750 /* ResetPasswordVC.xib */; };
		523E65B220242ABB00E49750 /* LKBubbleInfo.swift in Sources */ = {isa = PBXBuildFile; fileRef = 523E65AF20242ABB00E49750 /* LKBubbleInfo.swift */; };
		523E65B320242ABB00E49750 /* UIResponder+LKBubble.swift in Sources */ = {isa = PBXBuildFile; fileRef = 523E65B020242ABB00E49750 /* UIResponder+LKBubble.swift */; };
		523E65B420242ABB00E49750 /* LKBubbleView.swift in Sources */ = {isa = PBXBuildFile; fileRef = 523E65B120242ABB00E49750 /* LKBubbleView.swift */; };
		523E65B6202435BB00E49750 /* MyWatchController.swift in Sources */ = {isa = PBXBuildFile; fileRef = 523E65B5202435BB00E49750 /* MyWatchController.swift */; };
		523E65C220243BEB00E49750 /* WatchCell.swift in Sources */ = {isa = PBXBuildFile; fileRef = 523E65C020243BEB00E49750 /* WatchCell.swift */; };
		523E65C320243BEB00E49750 /* WatchCell.xib in Resources */ = {isa = PBXBuildFile; fileRef = 523E65C120243BEB00E49750 /* WatchCell.xib */; };
		523E65C5202441DA00E49750 /* MessageViewController.swift in Sources */ = {isa = PBXBuildFile; fileRef = 523E65C4202441DA00E49750 /* MessageViewController.swift */; };
		5240397B201068D7003D94FD /* Main.storyboard in Resources */ = {isa = PBXBuildFile; fileRef = 5240397A201068D7003D94FD /* Main.storyboard */; };
		525FCAD52019690400243838 /* JPQRCodeTool.m in Sources */ = {isa = PBXBuildFile; fileRef = 525FCAD32019690400243838 /* JPQRCodeTool.m */; };
		527294A920156DA600107AE7 /* BBAboutVideoViewController.swift in Sources */ = {isa = PBXBuildFile; fileRef = 527294A820156DA500107AE7 /* BBAboutVideoViewController.swift */; };
		527294AD2015AF3C00107AE7 /* HomeViewController.swift in Sources */ = {isa = PBXBuildFile; fileRef = 527294AC2015AF3C00107AE7 /* HomeViewController.swift */; };
		527294B12015B56900107AE7 /* CommonCell.swift in Sources */ = {isa = PBXBuildFile; fileRef = 527294AF2015B56900107AE7 /* CommonCell.swift */; };
		527294B22015B56900107AE7 /* CommonCell.xib in Resources */ = {isa = PBXBuildFile; fileRef = 527294B02015B56900107AE7 /* CommonCell.xib */; };
		527294BA2015DC6800107AE7 /* GCDGroup.swift in Sources */ = {isa = PBXBuildFile; fileRef = 527294B62015DC6800107AE7 /* GCDGroup.swift */; };
		527294BB2015DC6800107AE7 /* GCDQueue.swift in Sources */ = {isa = PBXBuildFile; fileRef = 527294B72015DC6800107AE7 /* GCDQueue.swift */; };
		527294BC2015DC6800107AE7 /* GCDQueuePriority.swift in Sources */ = {isa = PBXBuildFile; fileRef = 527294B82015DC6800107AE7 /* GCDQueuePriority.swift */; };
		527294BD2015DC6800107AE7 /* GCDTimer.swift in Sources */ = {isa = PBXBuildFile; fileRef = 527294B92015DC6800107AE7 /* GCDTimer.swift */; };
		527294BF2015E35400107AE7 /* TranformFadeView.swift in Sources */ = {isa = PBXBuildFile; fileRef = 527294BE2015E35400107AE7 /* TranformFadeView.swift */; };
		5280DAE4201F0C2400175F68 /* SomeoneLikeViewController.swift in Sources */ = {isa = PBXBuildFile; fileRef = 5280DAE3201F0C2400175F68 /* SomeoneLikeViewController.swift */; };
		52A8A22720182B4600710054 /* ColumnViewController.swift in Sources */ = {isa = PBXBuildFile; fileRef = 52A8A22620182B4600710054 /* ColumnViewController.swift */; };
		52A8A22920182E6200710054 /* ColumnCollectionCell.swift in Sources */ = {isa = PBXBuildFile; fileRef = 52A8A22820182E6200710054 /* ColumnCollectionCell.swift */; };
		52A8A22B201856B800710054 /* VideoPlayVC.swift in Sources */ = {isa = PBXBuildFile; fileRef = 52A8A22A201856B800710054 /* VideoPlayVC.swift */; };
		52DA5FAB2016C0170096B220 /* HotView.swift in Sources */ = {isa = PBXBuildFile; fileRef = 52DA5FAA2016C0170096B220 /* HotView.swift */; };
		52DA5FAD2016C02D0096B220 /* HotView.xib in Resources */ = {isa = PBXBuildFile; fileRef = 52DA5FAC2016C02D0096B220 /* HotView.xib */; };
		52DA5FAF2016C9110096B220 /* HeadView.swift in Sources */ = {isa = PBXBuildFile; fileRef = 52DA5FAE2016C9110096B220 /* HeadView.swift */; };
		52DA5FB12016CDE50096B220 /* LikeView.swift in Sources */ = {isa = PBXBuildFile; fileRef = 52DA5FB02016CDE50096B220 /* LikeView.swift */; };
		52DA5FB32016DA840096B220 /* ResetPageControl.swift in Sources */ = {isa = PBXBuildFile; fileRef = 52DA5FB22016DA840096B220 /* ResetPageControl.swift */; };
		52DA5FB52016DBA10096B220 /* Math.swift in Sources */ = {isa = PBXBuildFile; fileRef = 52DA5FB42016DBA10096B220 /* Math.swift */; };
		52DA5FB72016DCBB0096B220 /* ParallaxImageView.swift in Sources */ = {isa = PBXBuildFile; fileRef = 52DA5FB62016DCBB0096B220 /* ParallaxImageView.swift */; };
		52DA66B5200EE8AC00AB32E9 /* Common.swift in Sources */ = {isa = PBXBuildFile; fileRef = 52DA66B4200EE8AC00AB32E9 /* Common.swift */; };
		52DA66B7200EEA7500AB32E9 /* BBNetworkTool.swift in Sources */ = {isa = PBXBuildFile; fileRef = 52DA66B6200EEA7500AB32E9 /* BBNetworkTool.swift */; };
		52DA66BB200EEBCA00AB32E9 /* BBShare.swift in Sources */ = {isa = PBXBuildFile; fileRef = 52DA66BA200EEBCA00AB32E9 /* BBShare.swift */; };
		52DA66BD200EECAE00AB32E9 /* Podfile in Resources */ = {isa = PBXBuildFile; fileRef = 52DA66BC200EECAE00AB32E9 /* Podfile */; };
		52DA66C0200F152600AB32E9 /* UpAndDownCell.swift in Sources */ = {isa = PBXBuildFile; fileRef = 52DA66BF200F152600AB32E9 /* UpAndDownCell.swift */; };
		52DA66C2200F158300AB32E9 /* UpAndDownCell.xib in Resources */ = {isa = PBXBuildFile; fileRef = 52DA66C1200F158300AB32E9 /* UpAndDownCell.xib */; };
		52DA66C4200F4A4E00AB32E9 /* ExtensionUIVIew.swift in Sources */ = {isa = PBXBuildFile; fileRef = 52DA66C3200F4A4E00AB32E9 /* ExtensionUIVIew.swift */; };
		52DFD817200D99AB0047D9A9 /* AppDelegate.swift in Sources */ = {isa = PBXBuildFile; fileRef = 52DFD816200D99AB0047D9A9 /* AppDelegate.swift */; };
		52DFD81E200D99AB0047D9A9 /* Assets.xcassets in Resources */ = {isa = PBXBuildFile; fileRef = 52DFD81D200D99AB0047D9A9 /* Assets.xcassets */; };
		52DFD821200D99AB0047D9A9 /* LaunchScreen.storyboard in Resources */ = {isa = PBXBuildFile; fileRef = 52DFD81F200D99AB0047D9A9 /* LaunchScreen.storyboard */; };
		52DFD829200D9A950047D9A9 /* BBTabBarController.swift in Sources */ = {isa = PBXBuildFile; fileRef = 52DFD828200D9A950047D9A9 /* BBTabBarController.swift */; };
		52DFD82B200D9B0D0047D9A9 /* CommentViewController.swift in Sources */ = {isa = PBXBuildFile; fileRef = 52DFD82A200D9B0D0047D9A9 /* CommentViewController.swift */; };
		52DFD82D200D9BA10047D9A9 /* BBNavigationController.swift in Sources */ = {isa = PBXBuildFile; fileRef = 52DFD82C200D9BA10047D9A9 /* BBNavigationController.swift */; };
		52DFD830200DF0CF0047D9A9 /* MarketViewController.swift in Sources */ = {isa = PBXBuildFile; fileRef = 52DFD82F200DF0CF0047D9A9 /* MarketViewController.swift */; };
		52DFD832200DF0E20047D9A9 /* BBViewController.swift in Sources */ = {isa = PBXBuildFile; fileRef = 52DFD831200DF0E20047D9A9 /* BBViewController.swift */; };
		52DFD834200DF24F0047D9A9 /* KLineViewController.swift in Sources */ = {isa = PBXBuildFile; fileRef = 52DFD833200DF24F0047D9A9 /* KLineViewController.swift */; };
		52DFD897200DFAC10047D9A9 /* CHAxisModel.swift in Sources */ = {isa = PBXBuildFile; fileRef = 52DFD88F200DFAC10047D9A9 /* CHAxisModel.swift */; };
		52DFD898200DFAC10047D9A9 /* CHChartAlgorithm.swift in Sources */ = {isa = PBXBuildFile; fileRef = 52DFD890200DFAC10047D9A9 /* CHChartAlgorithm.swift */; };
		52DFD899200DFAC10047D9A9 /* CHChartModel.swift in Sources */ = {isa = PBXBuildFile; fileRef = 52DFD891200DFAC10047D9A9 /* CHChartModel.swift */; };
		52DFD89A200DFAC10047D9A9 /* CHExtension.swift in Sources */ = {isa = PBXBuildFile; fileRef = 52DFD892200DFAC10047D9A9 /* CHExtension.swift */; };
		52DFD89B200DFAC10047D9A9 /* CHKLineChart.swift in Sources */ = {isa = PBXBuildFile; fileRef = 52DFD893200DFAC10047D9A9 /* CHKLineChart.swift */; };
		52DFD89C200DFAC10047D9A9 /* CHKLineChartStyle.swift in Sources */ = {isa = PBXBuildFile; fileRef = 52DFD894200DFAC10047D9A9 /* CHKLineChartStyle.swift */; };
		52DFD89D200DFAC10047D9A9 /* CHSection.swift in Sources */ = {isa = PBXBuildFile; fileRef = 52DFD895200DFAC10047D9A9 /* CHSection.swift */; };
		52DFD89E200DFAC10047D9A9 /* CHSeries.swift in Sources */ = {isa = PBXBuildFile; fileRef = 52DFD896200DFAC10047D9A9 /* CHSeries.swift */; };
		52DFD8A0200DFDD70047D9A9 /* SwiftyJSON.swift in Sources */ = {isa = PBXBuildFile; fileRef = 52DFD89F200DFDD70047D9A9 /* SwiftyJSON.swift */; };
		52F46E8A2029369C00F837BB /* MessageCell.swift in Sources */ = {isa = PBXBuildFile; fileRef = 52F46E882029369C00F837BB /* MessageCell.swift */; };
		52F46E8B2029369C00F837BB /* MessageCell.xib in Resources */ = {isa = PBXBuildFile; fileRef = 52F46E892029369C00F837BB /* MessageCell.xib */; };
		52F46E8D20293EC200F837BB /* StarFromOtherVC.swift in Sources */ = {isa = PBXBuildFile; fileRef = 52F46E8C20293EC200F837BB /* StarFromOtherVC.swift */; };
		52F46E8F20293EDE00F837BB /* CommentFromOtherVC.swift in Sources */ = {isa = PBXBuildFile; fileRef = 52F46E8E20293EDE00F837BB /* CommentFromOtherVC.swift */; };
		52F46E9120297E7500F837BB /* ActionSheetView.swift in Sources */ = {isa = PBXBuildFile; fileRef = 52F46E9020297E7400F837BB /* ActionSheetView.swift */; };
		52F46E94202997DA00F837BB /* StarFromOtherCell.swift in Sources */ = {isa = PBXBuildFile; fileRef = 52F46E92202997DA00F837BB /* StarFromOtherCell.swift */; };
		52F46E95202997DA00F837BB /* StarFromOtherCell.xib in Resources */ = {isa = PBXBuildFile; fileRef = 52F46E93202997DA00F837BB /* StarFromOtherCell.xib */; };
		AEB76552D12FE48DE585B99F /* Pods_StockVideo.framework in Frameworks */ = {isa = PBXBuildFile; fileRef = 4B9D6062254F922EFB9B25E5 /* Pods_StockVideo.framework */; };
/* End PBXBuildFile section */

/* Begin PBXFileReference section */
		4B9D6062254F922EFB9B25E5 /* Pods_StockVideo.framework */ = {isa = PBXFileReference; explicitFileType = wrapper.framework; includeInIndex = 0; path = Pods_StockVideo.framework; sourceTree = BUILT_PRODUCTS_DIR; };
		5209B63820284547003659DF /* JPVideoPlayerDemoVC_homeee.swift */ = {isa = PBXFileReference; fileEncoding = 4; lastKnownFileType = sourcecode.swift; path = JPVideoPlayerDemoVC_homeee.swift; sourceTree = "<group>"; };
		52157CBA202C274D0091CB1E /* AVAsset+EZPlayer.swift */ = {isa = PBXFileReference; fileEncoding = 4; lastKnownFileType = sourcecode.swift; path = "AVAsset+EZPlayer.swift"; sourceTree = "<group>"; };
		52157CBB202C274D0091CB1E /* AVPlayer+EZPlayer.swift */ = {isa = PBXFileReference; fileEncoding = 4; lastKnownFileType = sourcecode.swift; path = "AVPlayer+EZPlayer.swift"; sourceTree = "<group>"; };
		52157CBC202C274D0091CB1E /* AVPlayerItem+EZPlayer.swift */ = {isa = PBXFileReference; fileEncoding = 4; lastKnownFileType = sourcecode.swift; path = "AVPlayerItem+EZPlayer.swift"; sourceTree = "<group>"; };
		52157CBD202C274D0091CB1E /* Delay.swift */ = {isa = PBXFileReference; fileEncoding = 4; lastKnownFileType = sourcecode.swift; path = Delay.swift; sourceTree = "<group>"; };
		52157CBF202C274D0091CB1E /* EZPlayer.swift */ = {isa = PBXFileReference; fileEncoding = 4; lastKnownFileType = sourcecode.swift; path = EZPlayer.swift; sourceTree = "<group>"; };
		52157CC0202C274D0091CB1E /* EZPlayer.xcassets */ = {isa = PBXFileReference; lastKnownFileType = folder.assetcatalog; path = EZPlayer.xcassets; sourceTree = "<group>"; };
		52157CC1202C274D0091CB1E /* EZPlayerAudibleLegibleViewController.swift */ = {isa = PBXFileReference; fileEncoding = 4; lastKnownFileType = sourcecode.swift; path = EZPlayerAudibleLegibleViewController.swift; sourceTree = "<group>"; };
		52157CC2202C274D0091CB1E /* EZPlayerAudibleLegibleViewController.xib */ = {isa = PBXFileReference; fileEncoding = 4; lastKnownFileType = file.xib; path = EZPlayerAudibleLegibleViewController.xib; sourceTree = "<group>"; };
		52157CC3202C274D0091CB1E /* EZPlayerAVAssetResourceLoaderDelegate.swift */ = {isa = PBXFileReference; fileEncoding = 4; lastKnownFileType = sourcecode.swift; path = EZPlayerAVAssetResourceLoaderDelegate.swift; sourceTree = "<group>"; };
		52157CC4202C274D0091CB1E /* EZPlayerContentItem.swift */ = {isa = PBXFileReference; fileEncoding = 4; lastKnownFileType = sourcecode.swift; path = EZPlayerContentItem.swift; sourceTree = "<group>"; };
		52157CC5202C274D0091CB1E /* EZPlayerControlView.swift */ = {isa = PBXFileReference; fileEncoding = 4; lastKnownFileType = sourcecode.swift; path = EZPlayerControlView.swift; sourceTree = "<group>"; };
		52157CC6202C274D0091CB1E /* EZPlayerControlView.xib */ = {isa = PBXFileReference; fileEncoding = 4; lastKnownFileType = file.xib; path = EZPlayerControlView.xib; sourceTree = "<group>"; };
		52157CC7202C274D0091CB1E /* EZPlayerFairPlayResourceLoaderDelegate.swift */ = {isa = PBXFileReference; fileEncoding = 4; lastKnownFileType = sourcecode.swift; path = EZPlayerFairPlayResourceLoaderDelegate.swift; sourceTree = "<group>"; };
		52157CC8202C274D0091CB1E /* EZPlayerFloatContainer.swift */ = {isa = PBXFileReference; fileEncoding = 4; lastKnownFileType = sourcecode.swift; path = EZPlayerFloatContainer.swift; sourceTree = "<group>"; };
		52157CC9202C274D0091CB1E /* EZPlayerFloatContainerRootViewController.swift */ = {isa = PBXFileReference; fileEncoding = 4; lastKnownFileType = sourcecode.swift; path = EZPlayerFloatContainerRootViewController.swift; sourceTree = "<group>"; };
		52157CCA202C274D0091CB1E /* EZPlayerFloatContainerRootViewController.xib */ = {isa = PBXFileReference; fileEncoding = 4; lastKnownFileType = file.xib; path = EZPlayerFloatContainerRootViewController.xib; sourceTree = "<group>"; };
		52157CCB202C274D0091CB1E /* EZPlayerFloatView.swift */ = {isa = PBXFileReference; fileEncoding = 4; lastKnownFileType = sourcecode.swift; path = EZPlayerFloatView.swift; sourceTree = "<group>"; };
		52157CCC202C274D0091CB1E /* EZPlayerFloatView.xib */ = {isa = PBXFileReference; fileEncoding = 4; lastKnownFileType = file.xib; path = EZPlayerFloatView.xib; sourceTree = "<group>"; };
		52157CCD202C274D0091CB1E /* EZPlayerFullScreenViewController.swift */ = {isa = PBXFileReference; fileEncoding = 4; lastKnownFileType = sourcecode.swift; path = EZPlayerFullScreenViewController.swift; sourceTree = "<group>"; };
		52157CCE202C274D0091CB1E /* EZPlayerLoading.swift */ = {isa = PBXFileReference; fileEncoding = 4; lastKnownFileType = sourcecode.swift; path = EZPlayerLoading.swift; sourceTree = "<group>"; };
		52157CCF202C274D0091CB1E /* EZPlayerNotification.swift */ = {isa = PBXFileReference; fileEncoding = 4; lastKnownFileType = sourcecode.swift; path = EZPlayerNotification.swift; sourceTree = "<group>"; };
		52157CD0202C274D0091CB1E /* EZPlayerThumbnail.swift */ = {isa = PBXFileReference; fileEncoding = 4; lastKnownFileType = sourcecode.swift; path = EZPlayerThumbnail.swift; sourceTree = "<group>"; };
		52157CD1202C274D0091CB1E /* EZPlayerTransport.swift */ = {isa = PBXFileReference; fileEncoding = 4; lastKnownFileType = sourcecode.swift; path = EZPlayerTransport.swift; sourceTree = "<group>"; };
		52157CD2202C274D0091CB1E /* EZPlayerTransportExtension.swift */ = {isa = PBXFileReference; fileEncoding = 4; lastKnownFileType = sourcecode.swift; path = EZPlayerTransportExtension.swift; sourceTree = "<group>"; };
		52157CD3202C274D0091CB1E /* EZPlayerUtils.swift */ = {isa = PBXFileReference; fileEncoding = 4; lastKnownFileType = sourcecode.swift; path = EZPlayerUtils.swift; sourceTree = "<group>"; };
		52157CD4202C274D0091CB1E /* EZPlayerView.swift */ = {isa = PBXFileReference; fileEncoding = 4; lastKnownFileType = sourcecode.swift; path = EZPlayerView.swift; sourceTree = "<group>"; };
		52157CD6202C274D0091CB1E /* Timer+EZPlayer.swift */ = {isa = PBXFileReference; fileEncoding = 4; lastKnownFileType = sourcecode.swift; path = "Timer+EZPlayer.swift"; sourceTree = "<group>"; };
		52157CFB202C2B020091CB1E /* MediaManager.swift */ = {isa = PBXFileReference; fileEncoding = 4; lastKnownFileType = sourcecode.swift; path = MediaManager.swift; sourceTree = "<group>"; };
		521DF3742022A58000D11388 /* EditMeView.xib */ = {isa = PBXFileReference; lastKnownFileType = file.xib; path = EditMeView.xib; sourceTree = "<group>"; };
		521DF3772022A90200D11388 /* EditMeView.swift */ = {isa = PBXFileReference; lastKnownFileType = sourcecode.swift; path = EditMeView.swift; sourceTree = "<group>"; };
		521DF37B2022B8CD00D11388 /* EditSelfViewController.swift */ = {isa = PBXFileReference; lastKnownFileType = sourcecode.swift; path = EditSelfViewController.swift; sourceTree = "<group>"; };
		521DF37E202308F100D11388 /* LoginViewController.swift */ = {isa = PBXFileReference; lastKnownFileType = sourcecode.swift; path = LoginViewController.swift; sourceTree = "<group>"; };
		521DF37F202308F100D11388 /* LoginViewController.xib */ = {isa = PBXFileReference; lastKnownFileType = file.xib; path = LoginViewController.xib; sourceTree = "<group>"; };
		522682AD20118E7900FE1ED0 /* TableViewCell.xib */ = {isa = PBXFileReference; fileEncoding = 4; lastKnownFileType = file.xib; path = TableViewCell.xib; sourceTree = "<group>"; };
		522682AE20118E7900FE1ED0 /* TableViewCell.swift */ = {isa = PBXFileReference; fileEncoding = 4; lastKnownFileType = sourcecode.swift; path = TableViewCell.swift; sourceTree = "<group>"; };
		522682B120118F4B00FE1ED0 /* GlobalVariables.swift */ = {isa = PBXFileReference; fileEncoding = 4; lastKnownFileType = sourcecode.swift; path = GlobalVariables.swift; sourceTree = "<group>"; };
		522682B42011910F00FE1ED0 /* BaseViewController.swift */ = {isa = PBXFileReference; lastKnownFileType = sourcecode.swift; path = BaseViewController.swift; sourceTree = "<group>"; };
		522682B7201191CC00FE1ED0 /* CircleTableViewController.swift */ = {isa = PBXFileReference; lastKnownFileType = sourcecode.swift; path = CircleTableViewController.swift; sourceTree = "<group>"; };
		522682B92011940600FE1ED0 /* HJImageBrowser.swift */ = {isa = PBXFileReference; fileEncoding = 4; lastKnownFileType = sourcecode.swift; path = HJImageBrowser.swift; sourceTree = "<group>"; };
		522B703D201ABA19002108F2 /* JPVideoPlayerDemoVC_push.swift */ = {isa = PBXFileReference; fileEncoding = 4; lastKnownFileType = sourcecode.swift; path = JPVideoPlayerDemoVC_push.swift; sourceTree = "<group>"; };
		522B703E201ABA1A002108F2 /* JPVideoPlayerDemoVC_push.xib */ = {isa = PBXFileReference; fileEncoding = 4; lastKnownFileType = file.xib; path = JPVideoPlayerDemoVC_push.xib; sourceTree = "<group>"; };
		522B7043201AD0D7002108F2 /* MeViewController.swift */ = {isa = PBXFileReference; lastKnownFileType = sourcecode.swift; path = MeViewController.swift; sourceTree = "<group>"; };
		522B7044201AD0D7002108F2 /* MeViewController.xib */ = {isa = PBXFileReference; lastKnownFileType = file.xib; path = MeViewController.xib; sourceTree = "<group>"; };
		522B7049201AFCB8002108F2 /* SomeoneViewController.swift */ = {isa = PBXFileReference; lastKnownFileType = sourcecode.swift; path = SomeoneViewController.swift; sourceTree = "<group>"; };
		522F6814202A856200A96A93 /* CommentFromOtherCell.swift */ = {isa = PBXFileReference; lastKnownFileType = sourcecode.swift; path = CommentFromOtherCell.swift; sourceTree = "<group>"; };
		522F6815202A856200A96A93 /* CommentFromOtherCell.xib */ = {isa = PBXFileReference; lastKnownFileType = file.xib; path = CommentFromOtherCell.xib; sourceTree = "<group>"; };
		522F6818202A918D00A96A93 /* SettingViewController.swift */ = {isa = PBXFileReference; lastKnownFileType = sourcecode.swift; path = SettingViewController.swift; sourceTree = "<group>"; };
		522F681A202AEC2C00A96A93 /* inTF.swift */ = {isa = PBXFileReference; lastKnownFileType = sourcecode.swift; path = inTF.swift; sourceTree = "<group>"; };
		522F681C202AEC3E00A96A93 /* inTF.xib */ = {isa = PBXFileReference; lastKnownFileType = file.xib; path = inTF.xib; sourceTree = "<group>"; };
		52336B3F20196843004F73F9 /* JPVideoPlayerDemoVC_Setting.xib */ = {isa = PBXFileReference; fileEncoding = 4; lastKnownFileType = file.xib; path = JPVideoPlayerDemoVC_Setting.xib; sourceTree = "<group>"; };
		52336B4020196843004F73F9 /* JPVideoPlayerDemoVC_Setting.swift */ = {isa = PBXFileReference; fileEncoding = 4; lastKnownFileType = sourcecode.swift; path = JPVideoPlayerDemoVC_Setting.swift; sourceTree = "<group>"; };
		52336B4220196843004F73F9 /* JPVideoPlayerDemoCell.swift */ = {isa = PBXFileReference; fileEncoding = 4; lastKnownFileType = sourcecode.swift; path = JPVideoPlayerDemoCell.swift; sourceTree = "<group>"; };
		52336B4320196843004F73F9 /* JPVideoPlayerDemoVC_home.swift */ = {isa = PBXFileReference; fileEncoding = 4; lastKnownFileType = sourcecode.swift; path = JPVideoPlayerDemoVC_home.swift; sourceTree = "<group>"; };
		52336B4420196843004F73F9 /* JPVideoPlayerDemoCell.xib */ = {isa = PBXFileReference; fileEncoding = 4; lastKnownFileType = file.xib; path = JPVideoPlayerDemoCell.xib; sourceTree = "<group>"; };
		523672D820215C9800D8CAAD /* CommentCell.swift */ = {isa = PBXFileReference; lastKnownFileType = sourcecode.swift; path = CommentCell.swift; sourceTree = "<group>"; };
		523672D920215C9800D8CAAD /* CommentCell.xib */ = {isa = PBXFileReference; lastKnownFileType = file.xib; path = CommentCell.xib; sourceTree = "<group>"; };
		523672DC2021920800D8CAAD /* DetailViewController.swift */ = {isa = PBXFileReference; lastKnownFileType = sourcecode.swift; path = DetailViewController.swift; sourceTree = "<group>"; };
		523672DE2021939E00D8CAAD /* DetailTopView.swift */ = {isa = PBXFileReference; lastKnownFileType = sourcecode.swift; path = DetailTopView.swift; sourceTree = "<group>"; };
		523672E0202193AA00D8CAAD /* DetailTopView.xib */ = {isa = PBXFileReference; lastKnownFileType = file.xib; path = DetailTopView.xib; sourceTree = "<group>"; };
		523B48302020466D00556868 /* VideoPlayTopView.xib */ = {isa = PBXFileReference; lastKnownFileType = file.xib; path = VideoPlayTopView.xib; sourceTree = "<group>"; };
		523B48322020555100556868 /* VideoPlayTopView.swift */ = {isa = PBXFileReference; lastKnownFileType = sourcecode.swift; path = VideoPlayTopView.swift; sourceTree = "<group>"; };
		523E65A22023F42A00E49750 /* LoginGetPhoneVC.swift */ = {isa = PBXFileReference; lastKnownFileType = sourcecode.swift; path = LoginGetPhoneVC.swift; sourceTree = "<group>"; };
		523E65A32023F42A00E49750 /* LoginGetPhoneVC.xib */ = {isa = PBXFileReference; lastKnownFileType = file.xib; path = LoginGetPhoneVC.xib; sourceTree = "<group>"; };
		523E65A62023F5DF00E49750 /* RegisterViewController.swift */ = {isa = PBXFileReference; lastKnownFileType = sourcecode.swift; path = RegisterViewController.swift; sourceTree = "<group>"; };
		523E65A72023F5DF00E49750 /* RegisterViewController.xib */ = {isa = PBXFileReference; lastKnownFileType = file.xib; path = RegisterViewController.xib; sourceTree = "<group>"; };
		523E65AA2024112F00E49750 /* ResetPasswordVC.swift */ = {isa = PBXFileReference; lastKnownFileType = sourcecode.swift; path = ResetPasswordVC.swift; sourceTree = "<group>"; };
		523E65AB2024112F00E49750 /* ResetPasswordVC.xib */ = {isa = PBXFileReference; lastKnownFileType = file.xib; path = ResetPasswordVC.xib; sourceTree = "<group>"; };
		523E65AF20242ABB00E49750 /* LKBubbleInfo.swift */ = {isa = PBXFileReference; fileEncoding = 4; lastKnownFileType = sourcecode.swift; path = LKBubbleInfo.swift; sourceTree = "<group>"; };
		523E65B020242ABB00E49750 /* UIResponder+LKBubble.swift */ = {isa = PBXFileReference; fileEncoding = 4; lastKnownFileType = sourcecode.swift; path = "UIResponder+LKBubble.swift"; sourceTree = "<group>"; };
		523E65B120242ABB00E49750 /* LKBubbleView.swift */ = {isa = PBXFileReference; fileEncoding = 4; lastKnownFileType = sourcecode.swift; path = LKBubbleView.swift; sourceTree = "<group>"; };
		523E65B5202435BB00E49750 /* MyWatchController.swift */ = {isa = PBXFileReference; lastKnownFileType = sourcecode.swift; path = MyWatchController.swift; sourceTree = "<group>"; };
		523E65C020243BEB00E49750 /* WatchCell.swift */ = {isa = PBXFileReference; fileEncoding = 4; lastKnownFileType = sourcecode.swift; path = WatchCell.swift; sourceTree = "<group>"; };
		523E65C120243BEB00E49750 /* WatchCell.xib */ = {isa = PBXFileReference; fileEncoding = 4; lastKnownFileType = file.xib; path = WatchCell.xib; sourceTree = "<group>"; };
		523E65C4202441DA00E49750 /* MessageViewController.swift */ = {isa = PBXFileReference; lastKnownFileType = sourcecode.swift; path = MessageViewController.swift; sourceTree = "<group>"; };
		5240397A201068D7003D94FD /* Main.storyboard */ = {isa = PBXFileReference; fileEncoding = 4; lastKnownFileType = file.storyboard; path = Main.storyboard; sourceTree = "<group>"; };
		525FCAD0201968F400243838 /* StockVideo-Bridging-Header.h */ = {isa = PBXFileReference; lastKnownFileType = sourcecode.c.h; path = "StockVideo-Bridging-Header.h"; sourceTree = "<group>"; };
		525FCAD32019690400243838 /* JPQRCodeTool.m */ = {isa = PBXFileReference; fileEncoding = 4; lastKnownFileType = sourcecode.c.objc; path = JPQRCodeTool.m; sourceTree = "<group>"; };
		525FCAD42019690400243838 /* JPQRCodeTool.h */ = {isa = PBXFileReference; fileEncoding = 4; lastKnownFileType = sourcecode.c.h; path = JPQRCodeTool.h; sourceTree = "<group>"; };
		527294A820156DA500107AE7 /* BBAboutVideoViewController.swift */ = {isa = PBXFileReference; lastKnownFileType = sourcecode.swift; path = BBAboutVideoViewController.swift; sourceTree = "<group>"; };
		527294AC2015AF3C00107AE7 /* HomeViewController.swift */ = {isa = PBXFileReference; lastKnownFileType = sourcecode.swift; path = HomeViewController.swift; sourceTree = "<group>"; };
		527294AF2015B56900107AE7 /* CommonCell.swift */ = {isa = PBXFileReference; lastKnownFileType = sourcecode.swift; path = CommonCell.swift; sourceTree = "<group>"; };
		527294B02015B56900107AE7 /* CommonCell.xib */ = {isa = PBXFileReference; lastKnownFileType = file.xib; path = CommonCell.xib; sourceTree = "<group>"; };
		527294B62015DC6800107AE7 /* GCDGroup.swift */ = {isa = PBXFileReference; fileEncoding = 4; lastKnownFileType = sourcecode.swift; path = GCDGroup.swift; sourceTree = "<group>"; };
		527294B72015DC6800107AE7 /* GCDQueue.swift */ = {isa = PBXFileReference; fileEncoding = 4; lastKnownFileType = sourcecode.swift; path = GCDQueue.swift; sourceTree = "<group>"; };
		527294B82015DC6800107AE7 /* GCDQueuePriority.swift */ = {isa = PBXFileReference; fileEncoding = 4; lastKnownFileType = sourcecode.swift; path = GCDQueuePriority.swift; sourceTree = "<group>"; };
		527294B92015DC6800107AE7 /* GCDTimer.swift */ = {isa = PBXFileReference; fileEncoding = 4; lastKnownFileType = sourcecode.swift; path = GCDTimer.swift; sourceTree = "<group>"; };
		527294BE2015E35400107AE7 /* TranformFadeView.swift */ = {isa = PBXFileReference; fileEncoding = 4; lastKnownFileType = sourcecode.swift; path = TranformFadeView.swift; sourceTree = "<group>"; };
		5280DAE3201F0C2400175F68 /* SomeoneLikeViewController.swift */ = {isa = PBXFileReference; lastKnownFileType = sourcecode.swift; path = SomeoneLikeViewController.swift; sourceTree = "<group>"; };
		52A8A22620182B4600710054 /* ColumnViewController.swift */ = {isa = PBXFileReference; lastKnownFileType = sourcecode.swift; path = ColumnViewController.swift; sourceTree = "<group>"; };
		52A8A22820182E6200710054 /* ColumnCollectionCell.swift */ = {isa = PBXFileReference; lastKnownFileType = sourcecode.swift; path = ColumnCollectionCell.swift; sourceTree = "<group>"; };
		52A8A22A201856B800710054 /* VideoPlayVC.swift */ = {isa = PBXFileReference; lastKnownFileType = sourcecode.swift; path = VideoPlayVC.swift; sourceTree = "<group>"; };
		52DA5FAA2016C0170096B220 /* HotView.swift */ = {isa = PBXFileReference; lastKnownFileType = sourcecode.swift; path = HotView.swift; sourceTree = "<group>"; };
		52DA5FAC2016C02D0096B220 /* HotView.xib */ = {isa = PBXFileReference; lastKnownFileType = file.xib; path = HotView.xib; sourceTree = "<group>"; };
		52DA5FAE2016C9110096B220 /* HeadView.swift */ = {isa = PBXFileReference; lastKnownFileType = sourcecode.swift; path = HeadView.swift; sourceTree = "<group>"; };
		52DA5FB02016CDE50096B220 /* LikeView.swift */ = {isa = PBXFileReference; lastKnownFileType = sourcecode.swift; path = LikeView.swift; sourceTree = "<group>"; };
		52DA5FB22016DA840096B220 /* ResetPageControl.swift */ = {isa = PBXFileReference; lastKnownFileType = sourcecode.swift; path = ResetPageControl.swift; sourceTree = "<group>"; };
		52DA5FB42016DBA10096B220 /* Math.swift */ = {isa = PBXFileReference; fileEncoding = 4; lastKnownFileType = sourcecode.swift; path = Math.swift; sourceTree = "<group>"; };
		52DA5FB62016DCBB0096B220 /* ParallaxImageView.swift */ = {isa = PBXFileReference; fileEncoding = 4; lastKnownFileType = sourcecode.swift; path = ParallaxImageView.swift; sourceTree = "<group>"; };
		52DA66B4200EE8AC00AB32E9 /* Common.swift */ = {isa = PBXFileReference; lastKnownFileType = sourcecode.swift; path = Common.swift; sourceTree = "<group>"; };
		52DA66B6200EEA7500AB32E9 /* BBNetworkTool.swift */ = {isa = PBXFileReference; lastKnownFileType = sourcecode.swift; path = BBNetworkTool.swift; sourceTree = "<group>"; };
		52DA66BA200EEBCA00AB32E9 /* BBShare.swift */ = {isa = PBXFileReference; lastKnownFileType = sourcecode.swift; path = BBShare.swift; sourceTree = "<group>"; };
		52DA66BC200EECAE00AB32E9 /* Podfile */ = {isa = PBXFileReference; lastKnownFileType = text; path = Podfile; sourceTree = "<group>"; xcLanguageSpecificationIdentifier = xcode.lang.ruby; };
		52DA66BF200F152600AB32E9 /* UpAndDownCell.swift */ = {isa = PBXFileReference; lastKnownFileType = sourcecode.swift; path = UpAndDownCell.swift; sourceTree = "<group>"; };
		52DA66C1200F158300AB32E9 /* UpAndDownCell.xib */ = {isa = PBXFileReference; lastKnownFileType = file.xib; path = UpAndDownCell.xib; sourceTree = "<group>"; };
		52DA66C3200F4A4E00AB32E9 /* ExtensionUIVIew.swift */ = {isa = PBXFileReference; lastKnownFileType = sourcecode.swift; path = ExtensionUIVIew.swift; sourceTree = "<group>"; };
		52DFD813200D99AB0047D9A9 /* StockVideo.app */ = {isa = PBXFileReference; explicitFileType = wrapper.application; includeInIndex = 0; path = StockVideo.app; sourceTree = BUILT_PRODUCTS_DIR; };
		52DFD816200D99AB0047D9A9 /* AppDelegate.swift */ = {isa = PBXFileReference; lastKnownFileType = sourcecode.swift; path = AppDelegate.swift; sourceTree = "<group>"; };
		52DFD81D200D99AB0047D9A9 /* Assets.xcassets */ = {isa = PBXFileReference; lastKnownFileType = folder.assetcatalog; path = Assets.xcassets; sourceTree = "<group>"; };
		52DFD820200D99AB0047D9A9 /* Base */ = {isa = PBXFileReference; lastKnownFileType = file.storyboard; name = Base; path = Base.lproj/LaunchScreen.storyboard; sourceTree = "<group>"; };
		52DFD822200D99AB0047D9A9 /* Info.plist */ = {isa = PBXFileReference; lastKnownFileType = text.plist.xml; path = Info.plist; sourceTree = "<group>"; };
		52DFD828200D9A950047D9A9 /* BBTabBarController.swift */ = {isa = PBXFileReference; lastKnownFileType = sourcecode.swift; path = BBTabBarController.swift; sourceTree = "<group>"; };
		52DFD82A200D9B0D0047D9A9 /* CommentViewController.swift */ = {isa = PBXFileReference; lastKnownFileType = sourcecode.swift; path = CommentViewController.swift; sourceTree = "<group>"; };
		52DFD82C200D9BA10047D9A9 /* BBNavigationController.swift */ = {isa = PBXFileReference; lastKnownFileType = sourcecode.swift; path = BBNavigationController.swift; sourceTree = "<group>"; };
		52DFD82F200DF0CF0047D9A9 /* MarketViewController.swift */ = {isa = PBXFileReference; lastKnownFileType = sourcecode.swift; path = MarketViewController.swift; sourceTree = "<group>"; };
		52DFD831200DF0E20047D9A9 /* BBViewController.swift */ = {isa = PBXFileReference; lastKnownFileType = sourcecode.swift; path = BBViewController.swift; sourceTree = "<group>"; };
		52DFD833200DF24F0047D9A9 /* KLineViewController.swift */ = {isa = PBXFileReference; lastKnownFileType = sourcecode.swift; path = KLineViewController.swift; sourceTree = "<group>"; };
		52DFD88F200DFAC10047D9A9 /* CHAxisModel.swift */ = {isa = PBXFileReference; fileEncoding = 4; lastKnownFileType = sourcecode.swift; path = CHAxisModel.swift; sourceTree = "<group>"; };
		52DFD890200DFAC10047D9A9 /* CHChartAlgorithm.swift */ = {isa = PBXFileReference; fileEncoding = 4; lastKnownFileType = sourcecode.swift; path = CHChartAlgorithm.swift; sourceTree = "<group>"; };
		52DFD891200DFAC10047D9A9 /* CHChartModel.swift */ = {isa = PBXFileReference; fileEncoding = 4; lastKnownFileType = sourcecode.swift; path = CHChartModel.swift; sourceTree = "<group>"; };
		52DFD892200DFAC10047D9A9 /* CHExtension.swift */ = {isa = PBXFileReference; fileEncoding = 4; lastKnownFileType = sourcecode.swift; path = CHExtension.swift; sourceTree = "<group>"; };
		52DFD893200DFAC10047D9A9 /* CHKLineChart.swift */ = {isa = PBXFileReference; fileEncoding = 4; lastKnownFileType = sourcecode.swift; path = CHKLineChart.swift; sourceTree = "<group>"; };
		52DFD894200DFAC10047D9A9 /* CHKLineChartStyle.swift */ = {isa = PBXFileReference; fileEncoding = 4; lastKnownFileType = sourcecode.swift; path = CHKLineChartStyle.swift; sourceTree = "<group>"; };
		52DFD895200DFAC10047D9A9 /* CHSection.swift */ = {isa = PBXFileReference; fileEncoding = 4; lastKnownFileType = sourcecode.swift; path = CHSection.swift; sourceTree = "<group>"; };
		52DFD896200DFAC10047D9A9 /* CHSeries.swift */ = {isa = PBXFileReference; fileEncoding = 4; lastKnownFileType = sourcecode.swift; path = CHSeries.swift; sourceTree = "<group>"; };
		52DFD89F200DFDD70047D9A9 /* SwiftyJSON.swift */ = {isa = PBXFileReference; fileEncoding = 4; lastKnownFileType = sourcecode.swift; path = SwiftyJSON.swift; sourceTree = "<group>"; };
		52F46E882029369C00F837BB /* MessageCell.swift */ = {isa = PBXFileReference; lastKnownFileType = sourcecode.swift; path = MessageCell.swift; sourceTree = "<group>"; };
		52F46E892029369C00F837BB /* MessageCell.xib */ = {isa = PBXFileReference; lastKnownFileType = file.xib; path = MessageCell.xib; sourceTree = "<group>"; };
		52F46E8C20293EC200F837BB /* StarFromOtherVC.swift */ = {isa = PBXFileReference; lastKnownFileType = sourcecode.swift; path = StarFromOtherVC.swift; sourceTree = "<group>"; };
		52F46E8E20293EDE00F837BB /* CommentFromOtherVC.swift */ = {isa = PBXFileReference; lastKnownFileType = sourcecode.swift; path = CommentFromOtherVC.swift; sourceTree = "<group>"; };
		52F46E9020297E7400F837BB /* ActionSheetView.swift */ = {isa = PBXFileReference; fileEncoding = 4; lastKnownFileType = sourcecode.swift; path = ActionSheetView.swift; sourceTree = "<group>"; };
		52F46E92202997DA00F837BB /* StarFromOtherCell.swift */ = {isa = PBXFileReference; lastKnownFileType = sourcecode.swift; path = StarFromOtherCell.swift; sourceTree = "<group>"; };
		52F46E93202997DA00F837BB /* StarFromOtherCell.xib */ = {isa = PBXFileReference; lastKnownFileType = file.xib; path = StarFromOtherCell.xib; sourceTree = "<group>"; };
		E6F4A6274A83C449018DDE38 /* Pods-StockVideo.debug.xcconfig */ = {isa = PBXFileReference; includeInIndex = 1; lastKnownFileType = text.xcconfig; name = "Pods-StockVideo.debug.xcconfig"; path = "Pods/Target Support Files/Pods-StockVideo/Pods-StockVideo.debug.xcconfig"; sourceTree = "<group>"; };
		EC870CDD02000FE6B774C444 /* Pods-StockVideo.release.xcconfig */ = {isa = PBXFileReference; includeInIndex = 1; lastKnownFileType = text.xcconfig; name = "Pods-StockVideo.release.xcconfig"; path = "Pods/Target Support Files/Pods-StockVideo/Pods-StockVideo.release.xcconfig"; sourceTree = "<group>"; };
/* End PBXFileReference section */

/* Begin PBXFrameworksBuildPhase section */
		52DFD810200D99AB0047D9A9 /* Frameworks */ = {
			isa = PBXFrameworksBuildPhase;
			buildActionMask = 2147483647;
			files = (
				AEB76552D12FE48DE585B99F /* Pods_StockVideo.framework in Frameworks */,
			);
			runOnlyForDeploymentPostprocessing = 0;
		};
/* End PBXFrameworksBuildPhase section */

/* Begin PBXGroup section */
		30210FC67061EAB54DC30BA0 /* Pods */ = {
			isa = PBXGroup;
			children = (
				E6F4A6274A83C449018DDE38 /* Pods-StockVideo.debug.xcconfig */,
				EC870CDD02000FE6B774C444 /* Pods-StockVideo.release.xcconfig */,
			);
			name = Pods;
			sourceTree = "<group>";
		};
		52157CB9202C274D0091CB1E /* Player */ = {
			isa = PBXGroup;
			children = (
				52157CFB202C2B020091CB1E /* MediaManager.swift */,
				52157CBA202C274D0091CB1E /* AVAsset+EZPlayer.swift */,
				52157CBB202C274D0091CB1E /* AVPlayer+EZPlayer.swift */,
				52157CBC202C274D0091CB1E /* AVPlayerItem+EZPlayer.swift */,
				52157CBD202C274D0091CB1E /* Delay.swift */,
				52157CBF202C274D0091CB1E /* EZPlayer.swift */,
				52157CC0202C274D0091CB1E /* EZPlayer.xcassets */,
				52157CC1202C274D0091CB1E /* EZPlayerAudibleLegibleViewController.swift */,
				52157CC2202C274D0091CB1E /* EZPlayerAudibleLegibleViewController.xib */,
				52157CC3202C274D0091CB1E /* EZPlayerAVAssetResourceLoaderDelegate.swift */,
				52157CC4202C274D0091CB1E /* EZPlayerContentItem.swift */,
				52157CC5202C274D0091CB1E /* EZPlayerControlView.swift */,
				52157CC6202C274D0091CB1E /* EZPlayerControlView.xib */,
				52157CC7202C274D0091CB1E /* EZPlayerFairPlayResourceLoaderDelegate.swift */,
				52157CC8202C274D0091CB1E /* EZPlayerFloatContainer.swift */,
				52157CC9202C274D0091CB1E /* EZPlayerFloatContainerRootViewController.swift */,
				52157CCA202C274D0091CB1E /* EZPlayerFloatContainerRootViewController.xib */,
				52157CCB202C274D0091CB1E /* EZPlayerFloatView.swift */,
				52157CCC202C274D0091CB1E /* EZPlayerFloatView.xib */,
				52157CCD202C274D0091CB1E /* EZPlayerFullScreenViewController.swift */,
				52157CCE202C274D0091CB1E /* EZPlayerLoading.swift */,
				52157CCF202C274D0091CB1E /* EZPlayerNotification.swift */,
				52157CD0202C274D0091CB1E /* EZPlayerThumbnail.swift */,
				52157CD1202C274D0091CB1E /* EZPlayerTransport.swift */,
				52157CD2202C274D0091CB1E /* EZPlayerTransportExtension.swift */,
				52157CD3202C274D0091CB1E /* EZPlayerUtils.swift */,
				52157CD4202C274D0091CB1E /* EZPlayerView.swift */,
				52157CD6202C274D0091CB1E /* Timer+EZPlayer.swift */,
			);
			path = Player;
			sourceTree = "<group>";
		};
		521DF37D202308CC00D11388 /* Login&Register */ = {
			isa = PBXGroup;
			children = (
				521DF37E202308F100D11388 /* LoginViewController.swift */,
				521DF37F202308F100D11388 /* LoginViewController.xib */,
				523E65A22023F42A00E49750 /* LoginGetPhoneVC.swift */,
				523E65A32023F42A00E49750 /* LoginGetPhoneVC.xib */,
				523E65A62023F5DF00E49750 /* RegisterViewController.swift */,
				523E65A72023F5DF00E49750 /* RegisterViewController.xib */,
				523E65AA2024112F00E49750 /* ResetPasswordVC.swift */,
				523E65AB2024112F00E49750 /* ResetPasswordVC.xib */,
			);
			path = "Login&Register";
			sourceTree = "<group>";
		};
		522682AB20118E4F00FE1ED0 /* CirCle */ = {
			isa = PBXGroup;
			children = (
				522682B62011918F00FE1ED0 /* C */,
				522682AC20118E7000FE1ED0 /* V */,
			);
			path = CirCle;
			sourceTree = "<group>";
		};
		522682AC20118E7000FE1ED0 /* V */ = {
			isa = PBXGroup;
			children = (
				522682AE20118E7900FE1ED0 /* TableViewCell.swift */,
				522682AD20118E7900FE1ED0 /* TableViewCell.xib */,
			);
			path = V;
			sourceTree = "<group>";
		};
		522682B320118F6800FE1ED0 /* Common */ = {
			isa = PBXGroup;
			children = (
				52DA66B4200EE8AC00AB32E9 /* Common.swift */,
				52F46E9020297E7400F837BB /* ActionSheetView.swift */,
				52DA5FB42016DBA10096B220 /* Math.swift */,
				522682B92011940600FE1ED0 /* HJImageBrowser.swift */,
				522682B120118F4B00FE1ED0 /* GlobalVariables.swift */,
				527294A820156DA500107AE7 /* BBAboutVideoViewController.swift */,
				52DFD82C200D9BA10047D9A9 /* BBNavigationController.swift */,
				52DFD828200D9A950047D9A9 /* BBTabBarController.swift */,
				52DFD831200DF0E20047D9A9 /* BBViewController.swift */,
				52DA66B6200EEA7500AB32E9 /* BBNetworkTool.swift */,
				52DA66C3200F4A4E00AB32E9 /* ExtensionUIVIew.swift */,
				522682B42011910F00FE1ED0 /* BaseViewController.swift */,
				52DA5FAE2016C9110096B220 /* HeadView.swift */,
				52DFD89F200DFDD70047D9A9 /* SwiftyJSON.swift */,
			);
			path = Common;
			sourceTree = "<group>";
		};
		522682B62011918F00FE1ED0 /* C */ = {
			isa = PBXGroup;
			children = (
				522682B7201191CC00FE1ED0 /* CircleTableViewController.swift */,
			);
			path = C;
			sourceTree = "<group>";
		};
		522B7041201AD001002108F2 /* Me */ = {
			isa = PBXGroup;
			children = (
				523E65B82024363400E49750 /* V */,
				522B7042201AD00A002108F2 /* C */,
			);
			path = Me;
			sourceTree = "<group>";
		};
		522B7042201AD00A002108F2 /* C */ = {
			isa = PBXGroup;
			children = (
				523E65C4202441DA00E49750 /* MessageViewController.swift */,
				52F46E8C20293EC200F837BB /* StarFromOtherVC.swift */,
				52F46E8E20293EDE00F837BB /* CommentFromOtherVC.swift */,
				522B7043201AD0D7002108F2 /* MeViewController.swift */,
				522B7044201AD0D7002108F2 /* MeViewController.xib */,
				521DF37B2022B8CD00D11388 /* EditSelfViewController.swift */,
				523E65B5202435BB00E49750 /* MyWatchController.swift */,
				522F6818202A918D00A96A93 /* SettingViewController.swift */,
			);
			path = C;
			sourceTree = "<group>";
		};
		522B7047201AFC6B002108F2 /* Other */ = {
			isa = PBXGroup;
			children = (
				523B482D2020047800556868 /* V */,
				522B7048201AFC72002108F2 /* C */,
			);
			path = Other;
			sourceTree = "<group>";
		};
		522B7048201AFC72002108F2 /* C */ = {
			isa = PBXGroup;
			children = (
				523672DC2021920800D8CAAD /* DetailViewController.swift */,
				522B7049201AFCB8002108F2 /* SomeoneViewController.swift */,
				5280DAE3201F0C2400175F68 /* SomeoneLikeViewController.swift */,
			);
			path = C;
			sourceTree = "<group>";
		};
		52336B3E20196829004F73F9 /* VideoPlayer */ = {
			isa = PBXGroup;
			children = (
				525FCAD42019690400243838 /* JPQRCodeTool.h */,
				525FCAD32019690400243838 /* JPQRCodeTool.m */,
				52336B4220196843004F73F9 /* JPVideoPlayerDemoCell.swift */,
				52336B4420196843004F73F9 /* JPVideoPlayerDemoCell.xib */,
				52336B4320196843004F73F9 /* JPVideoPlayerDemoVC_home.swift */,
				5209B63820284547003659DF /* JPVideoPlayerDemoVC_homeee.swift */,
				522B703D201ABA19002108F2 /* JPVideoPlayerDemoVC_push.swift */,
				522B703E201ABA1A002108F2 /* JPVideoPlayerDemoVC_push.xib */,
				52336B4020196843004F73F9 /* JPVideoPlayerDemoVC_Setting.swift */,
				52336B3F20196843004F73F9 /* JPVideoPlayerDemoVC_Setting.xib */,
			);
			name = VideoPlayer;
			sourceTree = "<group>";
		};
		523B482D2020047800556868 /* V */ = {
			isa = PBXGroup;
			children = (
				522F681A202AEC2C00A96A93 /* inTF.swift */,
				522F681C202AEC3E00A96A93 /* inTF.xib */,
				523672D820215C9800D8CAAD /* CommentCell.swift */,
				523672D920215C9800D8CAAD /* CommentCell.xib */,
				523672DE2021939E00D8CAAD /* DetailTopView.swift */,
				523672E0202193AA00D8CAAD /* DetailTopView.xib */,
			);
			path = V;
			sourceTree = "<group>";
		};
		523B482E202045FB00556868 /* VideoPlay */ = {
			isa = PBXGroup;
			children = (
				523B482F2020461300556868 /* V */,
			);
			path = VideoPlay;
			sourceTree = "<group>";
		};
		523B482F2020461300556868 /* V */ = {
			isa = PBXGroup;
			children = (
				52A8A22A201856B800710054 /* VideoPlayVC.swift */,
				523B48322020555100556868 /* VideoPlayTopView.swift */,
				523B48302020466D00556868 /* VideoPlayTopView.xib */,
			);
			path = V;
			sourceTree = "<group>";
		};
		523E65AE20242A9400E49750 /* BubbleView */ = {
			isa = PBXGroup;
			children = (
				523E65AF20242ABB00E49750 /* LKBubbleInfo.swift */,
				523E65B120242ABB00E49750 /* LKBubbleView.swift */,
				523E65B020242ABB00E49750 /* UIResponder+LKBubble.swift */,
			);
			path = BubbleView;
			sourceTree = "<group>";
		};
		523E65B82024363400E49750 /* V */ = {
			isa = PBXGroup;
			children = (
				521DF3772022A90200D11388 /* EditMeView.swift */,
				521DF3742022A58000D11388 /* EditMeView.xib */,
				523E65C020243BEB00E49750 /* WatchCell.swift */,
				523E65C120243BEB00E49750 /* WatchCell.xib */,
				52F46E882029369C00F837BB /* MessageCell.swift */,
				52F46E892029369C00F837BB /* MessageCell.xib */,
				52F46E92202997DA00F837BB /* StarFromOtherCell.swift */,
				52F46E93202997DA00F837BB /* StarFromOtherCell.xib */,
				522F6814202A856200A96A93 /* CommentFromOtherCell.swift */,
				522F6815202A856200A96A93 /* CommentFromOtherCell.xib */,
			);
			path = V;
			sourceTree = "<group>";
		};
		524039792010359F003D94FD /* C */ = {
			isa = PBXGroup;
			children = (
				52DFD82F200DF0CF0047D9A9 /* MarketViewController.swift */,
				52DFD833200DF24F0047D9A9 /* KLineViewController.swift */,
			);
			path = C;
			sourceTree = "<group>";
		};
		527294AA2015AE8900107AE7 /* Home */ = {
			isa = PBXGroup;
			children = (
				527294AE2015B50600107AE7 /* V */,
				527294AB2015AE9600107AE7 /* C */,
			);
			path = Home;
			sourceTree = "<group>";
		};
		527294AB2015AE9600107AE7 /* C */ = {
			isa = PBXGroup;
			children = (
				527294AC2015AF3C00107AE7 /* HomeViewController.swift */,
				52A8A22620182B4600710054 /* ColumnViewController.swift */,
				52DFD82A200D9B0D0047D9A9 /* CommentViewController.swift */,
			);
			path = C;
			sourceTree = "<group>";
		};
		527294AE2015B50600107AE7 /* V */ = {
			isa = PBXGroup;
			children = (
				527294BE2015E35400107AE7 /* TranformFadeView.swift */,
				52DA5FAA2016C0170096B220 /* HotView.swift */,
				52DA5FAC2016C02D0096B220 /* HotView.xib */,
				527294AF2015B56900107AE7 /* CommonCell.swift */,
				527294B02015B56900107AE7 /* CommonCell.xib */,
				52DA5FB02016CDE50096B220 /* LikeView.swift */,
				52DA5FB22016DA840096B220 /* ResetPageControl.swift */,
				52DA5FB62016DCBB0096B220 /* ParallaxImageView.swift */,
				52A8A22820182E6200710054 /* ColumnCollectionCell.swift */,
			);
			path = V;
			sourceTree = "<group>";
		};
		527294B52015DC6800107AE7 /* GCD */ = {
			isa = PBXGroup;
			children = (
				527294B62015DC6800107AE7 /* GCDGroup.swift */,
				527294B72015DC6800107AE7 /* GCDQueue.swift */,
				527294B82015DC6800107AE7 /* GCDQueuePriority.swift */,
				527294B92015DC6800107AE7 /* GCDTimer.swift */,
			);
			path = GCD;
			sourceTree = "<group>";
		};
		52DA66B8200EEB6800AB32E9 /* Market */ = {
			isa = PBXGroup;
			children = (
				524039792010359F003D94FD /* C */,
				52DA66BE200F14E000AB32E9 /* V */,
				52DA66B9200EEB8500AB32E9 /* M */,
			);
			path = Market;
			sourceTree = "<group>";
		};
		52DA66B9200EEB8500AB32E9 /* M */ = {
			isa = PBXGroup;
			children = (
				52DA66BA200EEBCA00AB32E9 /* BBShare.swift */,
			);
			path = M;
			sourceTree = "<group>";
		};
		52DA66BE200F14E000AB32E9 /* V */ = {
			isa = PBXGroup;
			children = (
				52DA66BF200F152600AB32E9 /* UpAndDownCell.swift */,
				52DA66C1200F158300AB32E9 /* UpAndDownCell.xib */,
			);
			path = V;
			sourceTree = "<group>";
		};
		52DFD80A200D99AB0047D9A9 = {
			isa = PBXGroup;
			children = (
				52DA66BC200EECAE00AB32E9 /* Podfile */,
				52DFD816200D99AB0047D9A9 /* AppDelegate.swift */,
				52157CB9202C274D0091CB1E /* Player */,
				52336B3E20196829004F73F9 /* VideoPlayer */,
				52DFD815200D99AB0047D9A9 /* StockVideo */,
				52DFD814200D99AB0047D9A9 /* Products */,
				30210FC67061EAB54DC30BA0 /* Pods */,
				8E0FBABFD0BB41B8838B4951 /* Frameworks */,
			);
			sourceTree = "<group>";
		};
		52DFD814200D99AB0047D9A9 /* Products */ = {
			isa = PBXGroup;
			children = (
				52DFD813200D99AB0047D9A9 /* StockVideo.app */,
			);
			name = Products;
			sourceTree = "<group>";
		};
		52DFD815200D99AB0047D9A9 /* StockVideo */ = {
			isa = PBXGroup;
			children = (
				521DF37D202308CC00D11388 /* Login&Register */,
				523B482E202045FB00556868 /* VideoPlay */,
				522B7047201AFC6B002108F2 /* Other */,
				522B7041201AD001002108F2 /* Me */,
				527294AA2015AE8900107AE7 /* Home */,
				522682AB20118E4F00FE1ED0 /* CirCle */,
				52DFD88E200DFAC10047D9A9 /* Classes */,
				52DFD82E200DEE8E0047D9A9 /* Main */,
				52DA66B8200EEB6800AB32E9 /* Market */,
				5240397A201068D7003D94FD /* Main.storyboard */,
				52DFD81D200D99AB0047D9A9 /* Assets.xcassets */,
				52DFD81F200D99AB0047D9A9 /* LaunchScreen.storyboard */,
				52DFD822200D99AB0047D9A9 /* Info.plist */,
				525FCAD0201968F400243838 /* StockVideo-Bridging-Header.h */,
			);
			path = StockVideo;
			sourceTree = "<group>";
		};
		52DFD82E200DEE8E0047D9A9 /* Main */ = {
			isa = PBXGroup;
			children = (
				523E65AE20242A9400E49750 /* BubbleView */,
				527294B52015DC6800107AE7 /* GCD */,
				522682B320118F6800FE1ED0 /* Common */,
			);
			path = Main;
			sourceTree = "<group>";
		};
		52DFD88E200DFAC10047D9A9 /* Classes */ = {
			isa = PBXGroup;
			children = (
				52DFD88F200DFAC10047D9A9 /* CHAxisModel.swift */,
				52DFD890200DFAC10047D9A9 /* CHChartAlgorithm.swift */,
				52DFD891200DFAC10047D9A9 /* CHChartModel.swift */,
				52DFD892200DFAC10047D9A9 /* CHExtension.swift */,
				52DFD893200DFAC10047D9A9 /* CHKLineChart.swift */,
				52DFD894200DFAC10047D9A9 /* CHKLineChartStyle.swift */,
				52DFD895200DFAC10047D9A9 /* CHSection.swift */,
				52DFD896200DFAC10047D9A9 /* CHSeries.swift */,
			);
			path = Classes;
			sourceTree = "<group>";
		};
		8E0FBABFD0BB41B8838B4951 /* Frameworks */ = {
			isa = PBXGroup;
			children = (
				4B9D6062254F922EFB9B25E5 /* Pods_StockVideo.framework */,
			);
			name = Frameworks;
			sourceTree = "<group>";
		};
/* End PBXGroup section */

/* Begin PBXNativeTarget section */
		52DFD812200D99AB0047D9A9 /* StockVideo */ = {
			isa = PBXNativeTarget;
			buildConfigurationList = 52DFD825200D99AB0047D9A9 /* Build configuration list for PBXNativeTarget "StockVideo" */;
			buildPhases = (
				08DB4710BA3B21CD9418C7ED /* [CP] Check Pods Manifest.lock */,
				52DFD80F200D99AB0047D9A9 /* Sources */,
				52DFD810200D99AB0047D9A9 /* Frameworks */,
				52DFD811200D99AB0047D9A9 /* Resources */,
				49E9A0A46F851098D80498BC /* [CP] Embed Pods Frameworks */,
				E726BE4204A30FF1367DEA8A /* [CP] Copy Pods Resources */,
			);
			buildRules = (
			);
			dependencies = (
			);
			name = StockVideo;
			productName = StockVideo;
			productReference = 52DFD813200D99AB0047D9A9 /* StockVideo.app */;
			productType = "com.apple.product-type.application";
		};
/* End PBXNativeTarget section */

/* Begin PBXProject section */
		52DFD80B200D99AB0047D9A9 /* Project object */ = {
			isa = PBXProject;
			attributes = {
				LastSwiftUpdateCheck = 0920;
				LastUpgradeCheck = 0920;
				ORGANIZATIONNAME = BoXin;
				TargetAttributes = {
					52DFD812200D99AB0047D9A9 = {
						CreatedOnToolsVersion = 9.2;
						LastSwiftMigration = 0920;
						ProvisioningStyle = Automatic;
					};
				};
			};
			buildConfigurationList = 52DFD80E200D99AB0047D9A9 /* Build configuration list for PBXProject "StockVideo" */;
			compatibilityVersion = "Xcode 8.0";
			developmentRegion = en;
			hasScannedForEncodings = 0;
			knownRegions = (
				en,
				Base,
			);
			mainGroup = 52DFD80A200D99AB0047D9A9;
			productRefGroup = 52DFD814200D99AB0047D9A9 /* Products */;
			projectDirPath = "";
			projectRoot = "";
			targets = (
				52DFD812200D99AB0047D9A9 /* StockVideo */,
			);
		};
/* End PBXProject section */

/* Begin PBXResourcesBuildPhase section */
		52DFD811200D99AB0047D9A9 /* Resources */ = {
			isa = PBXResourcesBuildPhase;
			buildActionMask = 2147483647;
			files = (
				521DF3762022A58000D11388 /* EditMeView.xib in Resources */,
				523B48312020466D00556868 /* VideoPlayTopView.xib in Resources */,
				52DA66BD200EECAE00AB32E9 /* Podfile in Resources */,
				523672E1202193AA00D8CAAD /* DetailTopView.xib in Resources */,
				52157CDE202C274D0091CB1E /* EZPlayerAudibleLegibleViewController.xib in Resources */,
				522682AF20118E7900FE1ED0 /* TableViewCell.xib in Resources */,
				52336B4620196843004F73F9 /* JPVideoPlayerDemoVC_Setting.xib in Resources */,
				52DA5FAD2016C02D0096B220 /* HotView.xib in Resources */,
				52157CDC202C274D0091CB1E /* EZPlayer.xcassets in Resources */,
				52157CE8202C274D0091CB1E /* EZPlayerFloatView.xib in Resources */,
				5240397B201068D7003D94FD /* Main.storyboard in Resources */,
				521DF381202308F100D11388 /* LoginViewController.xib in Resources */,
				52336B4B20196843004F73F9 /* JPVideoPlayerDemoCell.xib in Resources */,
				522F681D202AEC3E00A96A93 /* inTF.xib in Resources */,
				522B7046201AD0D7002108F2 /* MeViewController.xib in Resources */,
				52DFD821200D99AB0047D9A9 /* LaunchScreen.storyboard in Resources */,
				522B7040201ABA1A002108F2 /* JPVideoPlayerDemoVC_push.xib in Resources */,
				52157CE2202C274D0091CB1E /* EZPlayerControlView.xib in Resources */,
				52DA66C2200F158300AB32E9 /* UpAndDownCell.xib in Resources */,
				523E65A52023F42A00E49750 /* LoginGetPhoneVC.xib in Resources */,
				52F46E8B2029369C00F837BB /* MessageCell.xib in Resources */,
				523E65AD2024112F00E49750 /* ResetPasswordVC.xib in Resources */,
				523E65C320243BEB00E49750 /* WatchCell.xib in Resources */,
				522F6817202A856200A96A93 /* CommentFromOtherCell.xib in Resources */,
				52F46E95202997DA00F837BB /* StarFromOtherCell.xib in Resources */,
				52157CE6202C274D0091CB1E /* EZPlayerFloatContainerRootViewController.xib in Resources */,
				527294B22015B56900107AE7 /* CommonCell.xib in Resources */,
				523E65A92023F5DF00E49750 /* RegisterViewController.xib in Resources */,
				52DFD81E200D99AB0047D9A9 /* Assets.xcassets in Resources */,
				523672DB20215C9800D8CAAD /* CommentCell.xib in Resources */,
			);
			runOnlyForDeploymentPostprocessing = 0;
		};
/* End PBXResourcesBuildPhase section */

/* Begin PBXShellScriptBuildPhase section */
		08DB4710BA3B21CD9418C7ED /* [CP] Check Pods Manifest.lock */ = {
			isa = PBXShellScriptBuildPhase;
			buildActionMask = 2147483647;
			files = (
			);
			inputPaths = (
				"${PODS_PODFILE_DIR_PATH}/Podfile.lock",
				"${PODS_ROOT}/Manifest.lock",
			);
			name = "[CP] Check Pods Manifest.lock";
			outputPaths = (
				"$(DERIVED_FILE_DIR)/Pods-StockVideo-checkManifestLockResult.txt",
			);
			runOnlyForDeploymentPostprocessing = 0;
			shellPath = /bin/sh;
			shellScript = "diff \"${PODS_PODFILE_DIR_PATH}/Podfile.lock\" \"${PODS_ROOT}/Manifest.lock\" > /dev/null\nif [ $? != 0 ] ; then\n    # print error to STDERR\n    echo \"error: The sandbox is not in sync with the Podfile.lock. Run 'pod install' or update your CocoaPods installation.\" >&2\n    exit 1\nfi\n# This output is used by Xcode 'outputs' to avoid re-running this script phase.\necho \"SUCCESS\" > \"${SCRIPT_OUTPUT_FILE_0}\"\n";
			showEnvVarsInLog = 0;
		};
		49E9A0A46F851098D80498BC /* [CP] Embed Pods Frameworks */ = {
			isa = PBXShellScriptBuildPhase;
			buildActionMask = 2147483647;
			files = (
			);
			inputPaths = (
				"${SRCROOT}/Pods/Target Support Files/Pods-StockVideo/Pods-StockVideo-frameworks.sh",
				"${BUILT_PRODUCTS_DIR}/Alamofire/Alamofire.framework",
				"${BUILT_PRODUCTS_DIR}/JPNavigationController/JPNavigationController.framework",
				"${BUILT_PRODUCTS_DIR}/JPVideoPlayer/JPVideoPlayer.framework",
				"${BUILT_PRODUCTS_DIR}/Kingfisher/Kingfisher.framework",
				"${BUILT_PRODUCTS_DIR}/MJRefresh/MJRefresh.framework",
				"${BUILT_PRODUCTS_DIR}/SnapKit/SnapKit.framework",
			);
			name = "[CP] Embed Pods Frameworks";
			outputPaths = (
				"${TARGET_BUILD_DIR}/${FRAMEWORKS_FOLDER_PATH}/Alamofire.framework",
				"${TARGET_BUILD_DIR}/${FRAMEWORKS_FOLDER_PATH}/JPNavigationController.framework",
				"${TARGET_BUILD_DIR}/${FRAMEWORKS_FOLDER_PATH}/JPVideoPlayer.framework",
				"${TARGET_BUILD_DIR}/${FRAMEWORKS_FOLDER_PATH}/Kingfisher.framework",
				"${TARGET_BUILD_DIR}/${FRAMEWORKS_FOLDER_PATH}/MJRefresh.framework",
				"${TARGET_BUILD_DIR}/${FRAMEWORKS_FOLDER_PATH}/SnapKit.framework",
			);
			runOnlyForDeploymentPostprocessing = 0;
			shellPath = /bin/sh;
			shellScript = "\"${SRCROOT}/Pods/Target Support Files/Pods-StockVideo/Pods-StockVideo-frameworks.sh\"\n";
			showEnvVarsInLog = 0;
		};
		E726BE4204A30FF1367DEA8A /* [CP] Copy Pods Resources */ = {
			isa = PBXShellScriptBuildPhase;
			buildActionMask = 2147483647;
			files = (
			);
			inputPaths = (
			);
			name = "[CP] Copy Pods Resources";
			outputPaths = (
			);
			runOnlyForDeploymentPostprocessing = 0;
			shellPath = /bin/sh;
			shellScript = "\"${SRCROOT}/Pods/Target Support Files/Pods-StockVideo/Pods-StockVideo-resources.sh\"\n";
			showEnvVarsInLog = 0;
		};
/* End PBXShellScriptBuildPhase section */

/* Begin PBXSourcesBuildPhase section */
		52DFD80F200D99AB0047D9A9 /* Sources */ = {
			isa = PBXSourcesBuildPhase;
			buildActionMask = 2147483647;
			files = (
				52157CD9202C274D0091CB1E /* AVPlayerItem+EZPlayer.swift in Sources */,
				522F681B202AEC2C00A96A93 /* inTF.swift in Sources */,
				52157CEE202C274D0091CB1E /* EZPlayerTransportExtension.swift in Sources */,
				52A8A22720182B4600710054 /* ColumnViewController.swift in Sources */,
				523E65A82023F5DF00E49750 /* RegisterViewController.swift in Sources */,
				522B703F201ABA1A002108F2 /* JPVideoPlayerDemoVC_push.swift in Sources */,
				52157CEA202C274D0091CB1E /* EZPlayerLoading.swift in Sources */,
				52157CEF202C274D0091CB1E /* EZPlayerUtils.swift in Sources */,
				52157CDA202C274D0091CB1E /* Delay.swift in Sources */,
				52DFD898200DFAC10047D9A9 /* CHChartAlgorithm.swift in Sources */,
				52157CEB202C274D0091CB1E /* EZPlayerNotification.swift in Sources */,
				523E65C220243BEB00E49750 /* WatchCell.swift in Sources */,
				523E65AC2024112F00E49750 /* ResetPasswordVC.swift in Sources */,
				522B704B201AFCB8002108F2 /* SomeoneViewController.swift in Sources */,
				52F46E8D20293EC200F837BB /* StarFromOtherVC.swift in Sources */,
				523E65B420242ABB00E49750 /* LKBubbleView.swift in Sources */,
				52DFD897200DFAC10047D9A9 /* CHAxisModel.swift in Sources */,
				52DA5FB12016CDE50096B220 /* LikeView.swift in Sources */,
				52A8A22920182E6200710054 /* ColumnCollectionCell.swift in Sources */,
				5209B63920284547003659DF /* JPVideoPlayerDemoVC_homeee.swift in Sources */,
				5280DAE4201F0C2400175F68 /* SomeoneLikeViewController.swift in Sources */,
				52DA66BB200EEBCA00AB32E9 /* BBShare.swift in Sources */,
				523B48332020555100556868 /* VideoPlayTopView.swift in Sources */,
				525FCAD52019690400243838 /* JPQRCodeTool.m in Sources */,
				527294BA2015DC6800107AE7 /* GCDGroup.swift in Sources */,
				52157CE1202C274D0091CB1E /* EZPlayerControlView.swift in Sources */,
				527294BF2015E35400107AE7 /* TranformFadeView.swift in Sources */,
				52336B4920196843004F73F9 /* JPVideoPlayerDemoCell.swift in Sources */,
				523672DF2021939E00D8CAAD /* DetailTopView.swift in Sources */,
				52157CD8202C274D0091CB1E /* AVPlayer+EZPlayer.swift in Sources */,
				521DF3782022A90200D11388 /* EditMeView.swift in Sources */,
				523E65B320242ABB00E49750 /* UIResponder+LKBubble.swift in Sources */,
				52DA5FAF2016C9110096B220 /* HeadView.swift in Sources */,
				52DFD89C200DFAC10047D9A9 /* CHKLineChartStyle.swift in Sources */,
				52DA66B5200EE8AC00AB32E9 /* Common.swift in Sources */,
				52157CED202C274D0091CB1E /* EZPlayerTransport.swift in Sources */,
				52DFD832200DF0E20047D9A9 /* BBViewController.swift in Sources */,
				52DFD89A200DFAC10047D9A9 /* CHExtension.swift in Sources */,
				52F46E8F20293EDE00F837BB /* CommentFromOtherVC.swift in Sources */,
				527294B12015B56900107AE7 /* CommonCell.swift in Sources */,
				521DF380202308F100D11388 /* LoginViewController.swift in Sources */,
				52F46E9120297E7500F837BB /* ActionSheetView.swift in Sources */,
				52157CE3202C274D0091CB1E /* EZPlayerFairPlayResourceLoaderDelegate.swift in Sources */,
				52157CFC202C2B020091CB1E /* MediaManager.swift in Sources */,
				52157CF0202C274D0091CB1E /* EZPlayerView.swift in Sources */,
				523E65B220242ABB00E49750 /* LKBubbleInfo.swift in Sources */,
				523E65C5202441DA00E49750 /* MessageViewController.swift in Sources */,
				522F6819202A918D00A96A93 /* SettingViewController.swift in Sources */,
				52DA66C0200F152600AB32E9 /* UpAndDownCell.swift in Sources */,
				52157CDB202C274D0091CB1E /* EZPlayer.swift in Sources */,
				523672DD2021920800D8CAAD /* DetailViewController.swift in Sources */,
				522682B8201191CC00FE1ED0 /* CircleTableViewController.swift in Sources */,
				52DFD817200D99AB0047D9A9 /* AppDelegate.swift in Sources */,
				527294BD2015DC6800107AE7 /* GCDTimer.swift in Sources */,
				52157CE9202C274D0091CB1E /* EZPlayerFullScreenViewController.swift in Sources */,
				52DFD829200D9A950047D9A9 /* BBTabBarController.swift in Sources */,
				52157CEC202C274D0091CB1E /* EZPlayerThumbnail.swift in Sources */,
				523E65B6202435BB00E49750 /* MyWatchController.swift in Sources */,
				52F46E94202997DA00F837BB /* StarFromOtherCell.swift in Sources */,
				52DFD82D200D9BA10047D9A9 /* BBNavigationController.swift in Sources */,
				52DFD89D200DFAC10047D9A9 /* CHSection.swift in Sources */,
				52F46E8A2029369C00F837BB /* MessageCell.swift in Sources */,
				52DFD899200DFAC10047D9A9 /* CHChartModel.swift in Sources */,
				52DA66C4200F4A4E00AB32E9 /* ExtensionUIVIew.swift in Sources */,
				52DFD830200DF0CF0047D9A9 /* MarketViewController.swift in Sources */,
				522682BA2011940700FE1ED0 /* HJImageBrowser.swift in Sources */,
				52DFD89B200DFAC10047D9A9 /* CHKLineChart.swift in Sources */,
				522B7045201AD0D7002108F2 /* MeViewController.swift in Sources */,
				527294AD2015AF3C00107AE7 /* HomeViewController.swift in Sources */,
				521DF37C2022B8CD00D11388 /* EditSelfViewController.swift in Sources */,
				523E65A42023F42A00E49750 /* LoginGetPhoneVC.swift in Sources */,
				52DFD834200DF24F0047D9A9 /* KLineViewController.swift in Sources */,
				52DA5FAB2016C0170096B220 /* HotView.swift in Sources */,
				52157CDD202C274D0091CB1E /* EZPlayerAudibleLegibleViewController.swift in Sources */,
				52157CF2202C274D0091CB1E /* Timer+EZPlayer.swift in Sources */,
				527294A920156DA600107AE7 /* BBAboutVideoViewController.swift in Sources */,
				522F6816202A856200A96A93 /* CommentFromOtherCell.swift in Sources */,
				52157CE4202C274D0091CB1E /* EZPlayerFloatContainer.swift in Sources */,
				52DA5FB32016DA840096B220 /* ResetPageControl.swift in Sources */,
				52DA5FB52016DBA10096B220 /* Math.swift in Sources */,
				52157CE5202C274D0091CB1E /* EZPlayerFloatContainerRootViewController.swift in Sources */,
				522682B220118F4C00FE1ED0 /* GlobalVariables.swift in Sources */,
				523672DA20215C9800D8CAAD /* CommentCell.swift in Sources */,
				52DFD8A0200DFDD70047D9A9 /* SwiftyJSON.swift in Sources */,
				522682B52011910F00FE1ED0 /* BaseViewController.swift in Sources */,
				52DA5FB72016DCBB0096B220 /* ParallaxImageView.swift in Sources */,
				527294BC2015DC6800107AE7 /* GCDQueuePriority.swift in Sources */,
				527294BB2015DC6800107AE7 /* GCDQueue.swift in Sources */,
				52DFD82B200D9B0D0047D9A9 /* CommentViewController.swift in Sources */,
				52157CD7202C274D0091CB1E /* AVAsset+EZPlayer.swift in Sources */,
				52157CE7202C274D0091CB1E /* EZPlayerFloatView.swift in Sources */,
				52DA66B7200EEA7500AB32E9 /* BBNetworkTool.swift in Sources */,
				52157CE0202C274D0091CB1E /* EZPlayerContentItem.swift in Sources */,
				52336B4720196843004F73F9 /* JPVideoPlayerDemoVC_Setting.swift in Sources */,
				52157CDF202C274D0091CB1E /* EZPlayerAVAssetResourceLoaderDelegate.swift in Sources */,
				52DFD89E200DFAC10047D9A9 /* CHSeries.swift in Sources */,
				52336B4A20196843004F73F9 /* JPVideoPlayerDemoVC_home.swift in Sources */,
				52A8A22B201856B800710054 /* VideoPlayVC.swift in Sources */,
				522682B020118E7900FE1ED0 /* TableViewCell.swift in Sources */,
			);
			runOnlyForDeploymentPostprocessing = 0;
		};
/* End PBXSourcesBuildPhase section */

/* Begin PBXVariantGroup section */
		52DFD81F200D99AB0047D9A9 /* LaunchScreen.storyboard */ = {
			isa = PBXVariantGroup;
			children = (
				52DFD820200D99AB0047D9A9 /* Base */,
			);
			name = LaunchScreen.storyboard;
			sourceTree = "<group>";
		};
/* End PBXVariantGroup section */

/* Begin XCBuildConfiguration section */
		52DFD823200D99AB0047D9A9 /* Debug */ = {
			isa = XCBuildConfiguration;
			buildSettings = {
				ALWAYS_SEARCH_USER_PATHS = NO;
				CLANG_ANALYZER_NONNULL = YES;
				CLANG_ANALYZER_NUMBER_OBJECT_CONVERSION = YES_AGGRESSIVE;
				CLANG_CXX_LANGUAGE_STANDARD = "gnu++14";
				CLANG_CXX_LIBRARY = "libc++";
				CLANG_ENABLE_MODULES = YES;
				CLANG_ENABLE_OBJC_ARC = YES;
				CLANG_WARN_BLOCK_CAPTURE_AUTORELEASING = YES;
				CLANG_WARN_BOOL_CONVERSION = YES;
				CLANG_WARN_COMMA = YES;
				CLANG_WARN_CONSTANT_CONVERSION = YES;
				CLANG_WARN_DIRECT_OBJC_ISA_USAGE = YES_ERROR;
				CLANG_WARN_DOCUMENTATION_COMMENTS = YES;
				CLANG_WARN_EMPTY_BODY = YES;
				CLANG_WARN_ENUM_CONVERSION = YES;
				CLANG_WARN_INFINITE_RECURSION = YES;
				CLANG_WARN_INT_CONVERSION = YES;
				CLANG_WARN_NON_LITERAL_NULL_CONVERSION = YES;
				CLANG_WARN_OBJC_LITERAL_CONVERSION = YES;
				CLANG_WARN_OBJC_ROOT_CLASS = YES_ERROR;
				CLANG_WARN_RANGE_LOOP_ANALYSIS = YES;
				CLANG_WARN_STRICT_PROTOTYPES = YES;
				CLANG_WARN_SUSPICIOUS_MOVE = YES;
				CLANG_WARN_UNGUARDED_AVAILABILITY = YES_AGGRESSIVE;
				CLANG_WARN_UNREACHABLE_CODE = YES;
				CLANG_WARN__DUPLICATE_METHOD_MATCH = YES;
				CODE_SIGN_IDENTITY = "iPhone Developer";
				COPY_PHASE_STRIP = NO;
				DEBUG_INFORMATION_FORMAT = "dwarf-with-dsym";
				ENABLE_STRICT_OBJC_MSGSEND = YES;
				ENABLE_TESTABILITY = YES;
				GCC_C_LANGUAGE_STANDARD = gnu11;
				GCC_DYNAMIC_NO_PIC = NO;
				GCC_NO_COMMON_BLOCKS = YES;
				GCC_OPTIMIZATION_LEVEL = 0;
				GCC_PREPROCESSOR_DEFINITIONS = (
					"DEBUG=1",
					"$(inherited)",
				);
				GCC_WARN_64_TO_32_BIT_CONVERSION = YES;
				GCC_WARN_ABOUT_RETURN_TYPE = YES_ERROR;
				GCC_WARN_UNDECLARED_SELECTOR = YES;
				GCC_WARN_UNINITIALIZED_AUTOS = YES_AGGRESSIVE;
				GCC_WARN_UNUSED_FUNCTION = YES;
				GCC_WARN_UNUSED_VARIABLE = YES;
				IPHONEOS_DEPLOYMENT_TARGET = 11.2;
				MTL_ENABLE_DEBUG_INFO = YES;
				ONLY_ACTIVE_ARCH = YES;
				SDKROOT = iphoneos;
				SWIFT_ACTIVE_COMPILATION_CONDITIONS = DEBUG;
				SWIFT_OPTIMIZATION_LEVEL = "-Onone";
			};
			name = Debug;
		};
		52DFD824200D99AB0047D9A9 /* Release */ = {
			isa = XCBuildConfiguration;
			buildSettings = {
				ALWAYS_SEARCH_USER_PATHS = NO;
				CLANG_ANALYZER_NONNULL = YES;
				CLANG_ANALYZER_NUMBER_OBJECT_CONVERSION = YES_AGGRESSIVE;
				CLANG_CXX_LANGUAGE_STANDARD = "gnu++14";
				CLANG_CXX_LIBRARY = "libc++";
				CLANG_ENABLE_MODULES = YES;
				CLANG_ENABLE_OBJC_ARC = YES;
				CLANG_WARN_BLOCK_CAPTURE_AUTORELEASING = YES;
				CLANG_WARN_BOOL_CONVERSION = YES;
				CLANG_WARN_COMMA = YES;
				CLANG_WARN_CONSTANT_CONVERSION = YES;
				CLANG_WARN_DIRECT_OBJC_ISA_USAGE = YES_ERROR;
				CLANG_WARN_DOCUMENTATION_COMMENTS = YES;
				CLANG_WARN_EMPTY_BODY = YES;
				CLANG_WARN_ENUM_CONVERSION = YES;
				CLANG_WARN_INFINITE_RECURSION = YES;
				CLANG_WARN_INT_CONVERSION = YES;
				CLANG_WARN_NON_LITERAL_NULL_CONVERSION = YES;
				CLANG_WARN_OBJC_LITERAL_CONVERSION = YES;
				CLANG_WARN_OBJC_ROOT_CLASS = YES_ERROR;
				CLANG_WARN_RANGE_LOOP_ANALYSIS = YES;
				CLANG_WARN_STRICT_PROTOTYPES = YES;
				CLANG_WARN_SUSPICIOUS_MOVE = YES;
				CLANG_WARN_UNGUARDED_AVAILABILITY = YES_AGGRESSIVE;
				CLANG_WARN_UNREACHABLE_CODE = YES;
				CLANG_WARN__DUPLICATE_METHOD_MATCH = YES;
				CODE_SIGN_IDENTITY = "iPhone Developer";
				COPY_PHASE_STRIP = NO;
				DEBUG_INFORMATION_FORMAT = "dwarf-with-dsym";
				ENABLE_NS_ASSERTIONS = NO;
				ENABLE_STRICT_OBJC_MSGSEND = YES;
				GCC_C_LANGUAGE_STANDARD = gnu11;
				GCC_NO_COMMON_BLOCKS = YES;
				GCC_WARN_64_TO_32_BIT_CONVERSION = YES;
				GCC_WARN_ABOUT_RETURN_TYPE = YES_ERROR;
				GCC_WARN_UNDECLARED_SELECTOR = YES;
				GCC_WARN_UNINITIALIZED_AUTOS = YES_AGGRESSIVE;
				GCC_WARN_UNUSED_FUNCTION = YES;
				GCC_WARN_UNUSED_VARIABLE = YES;
				IPHONEOS_DEPLOYMENT_TARGET = 11.2;
				MTL_ENABLE_DEBUG_INFO = NO;
				SDKROOT = iphoneos;
				SWIFT_OPTIMIZATION_LEVEL = "-Owholemodule";
				VALIDATE_PRODUCT = YES;
			};
			name = Release;
		};
		52DFD826200D99AB0047D9A9 /* Debug */ = {
			isa = XCBuildConfiguration;
			baseConfigurationReference = E6F4A6274A83C449018DDE38 /* Pods-StockVideo.debug.xcconfig */;
			buildSettings = {
				ASSETCATALOG_COMPILER_APPICON_NAME = AppIcon;
				CLANG_ENABLE_MODULES = YES;
				"CODE_SIGN_IDENTITY[sdk=iphoneos*]" = "iPhone Developer";
				CODE_SIGN_STYLE = Automatic;
				DEVELOPMENT_TEAM = 9ZRD54JLZW;
				INFOPLIST_FILE = StockVideo/Info.plist;
				LD_RUNPATH_SEARCH_PATHS = "$(inherited) @executable_path/Frameworks";
				PRODUCT_BUNDLE_IDENTIFIER = com.Boxin.StockVideo;
				PRODUCT_NAME = "$(TARGET_NAME)";
				PROVISIONING_PROFILE_SPECIFIER = "";
				SWIFT_OBJC_BRIDGING_HEADER = "StockVideo/StockVideo-Bridging-Header.h";
				SWIFT_OPTIMIZATION_LEVEL = "-Onone";
				SWIFT_SWIFT3_OBJC_INFERENCE = On;
				SWIFT_VERSION = 4.0;
				TARGETED_DEVICE_FAMILY = "1,2";
			};
			name = Debug;
		};
		52DFD827200D99AB0047D9A9 /* Release */ = {
			isa = XCBuildConfiguration;
			baseConfigurationReference = EC870CDD02000FE6B774C444 /* Pods-StockVideo.release.xcconfig */;
			buildSettings = {
				ASSETCATALOG_COMPILER_APPICON_NAME = AppIcon;
				CLANG_ENABLE_MODULES = YES;
				"CODE_SIGN_IDENTITY[sdk=iphoneos*]" = "iPhone Developer";
				CODE_SIGN_STYLE = Automatic;
				DEVELOPMENT_TEAM = 9ZRD54JLZW;
				INFOPLIST_FILE = StockVideo/Info.plist;
				LD_RUNPATH_SEARCH_PATHS = "$(inherited) @executable_path/Frameworks";
				PRODUCT_BUNDLE_IDENTIFIER = com.Boxin.StockVideo;
				PRODUCT_NAME = "$(TARGET_NAME)";
				PROVISIONING_PROFILE_SPECIFIER = "";
				SWIFT_OBJC_BRIDGING_HEADER = "StockVideo/StockVideo-Bridging-Header.h";
				SWIFT_SWIFT3_OBJC_INFERENCE = On;
				SWIFT_VERSION = 4.0;
				TARGETED_DEVICE_FAMILY = "1,2";
			};
			name = Release;
		};
/* End XCBuildConfiguration section */

/* Begin XCConfigurationList section */
		52DFD80E200D99AB0047D9A9 /* Build configuration list for PBXProject "StockVideo" */ = {
			isa = XCConfigurationList;
			buildConfigurations = (
				52DFD823200D99AB0047D9A9 /* Debug */,
				52DFD824200D99AB0047D9A9 /* Release */,
			);
			defaultConfigurationIsVisible = 0;
			defaultConfigurationName = Release;
		};
		52DFD825200D99AB0047D9A9 /* Build configuration list for PBXNativeTarget "StockVideo" */ = {
			isa = XCConfigurationList;
			buildConfigurations = (
				52DFD826200D99AB0047D9A9 /* Debug */,
				52DFD827200D99AB0047D9A9 /* Release */,
			);
			defaultConfigurationIsVisible = 0;
			defaultConfigurationName = Release;
		};
/* End XCConfigurationList section */
	};
	rootObject = 52DFD80B200D99AB0047D9A9 /* Project object */;
}
